{
    "version": 3,
    "terraform_version": "0.11.1",
    "serial": 3,
    "lineage": "0c67b59b-ee54-4ecb-b664-4bc97ae422b5",
    "modules": [
        {
            "path": [
                "root"
            ],
            "outputs": {
                "app_id": {
                    "sensitive": false,
                    "type": "string",
                    "value": "9ad8a534-30b6-4a2d-998d-c865dc627c9a"
                },
                "instrumentation_key": {
                    "sensitive": false,
                    "type": "string",
                    "value": "44ebb659-c02a-4db3-8035-c24e4ff41f72"
                },
                "template_out": {
                    "sensitive": false,
                    "type": "map",
                    "value": {
                        "clusterEndpoint": "https://eastus.servicefabric.azure.com/runtime/clusters/0824437c-42d8-4565-ac67-70bcfaeff788"
                    }
                },
                "vault_id": {
                    "sensitive": false,
                    "type": "string",
                    "value": "/subscriptions/0d192ee3-36a5-4a48-8ae6-1ff2657061e3/resourceGroups/dwto-dev-redis01/providers/Microsoft.KeyVault/vaults/dwto-dev-vault"
                }
            },
            "resources": {
                "azurerm_application_insights.insights": {
                    "type": "azurerm_application_insights",
                    "depends_on": [
                        "azurerm_resource_group.redis_rg"
                    ],
                    "primary": {
                        "id": "/subscriptions/0d192ee3-36a5-4a48-8ae6-1ff2657061e3/resourceGroups/dwto-dev-redis01/providers/microsoft.insights/components/Alliance Dev Insights",
                        "attributes": {
                            "app_id": "9ad8a534-30b6-4a2d-998d-c865dc627c9a",
                            "application_type": "Web",
                            "id": "/subscriptions/0d192ee3-36a5-4a48-8ae6-1ff2657061e3/resourceGroups/dwto-dev-redis01/providers/microsoft.insights/components/Alliance Dev Insights",
                            "instrumentation_key": "44ebb659-c02a-4db3-8035-c24e4ff41f72",
                            "location": "eastus",
                            "name": "Alliance Dev Insights",
                            "resource_group_name": "dwto-dev-redis01",
                            "tags.%": "0"
                        },
                        "meta": {},
                        "tainted": false
                    },
                    "deposed": [],
                    "provider": "provider.azurerm"
                },
                "azurerm_key_vault.vault": {
                    "type": "azurerm_key_vault",
                    "depends_on": [
                        "azurerm_resource_group.redis_rg",
                        "data.azurerm_client_config.current"
                    ],
                    "primary": {
                        "id": "/subscriptions/0d192ee3-36a5-4a48-8ae6-1ff2657061e3/resourceGroups/dwto-dev-redis01/providers/Microsoft.KeyVault/vaults/dwto-dev-vault",
                        "attributes": {
                            "access_policy.#": "2",
                            "access_policy.0.application_id": "",
                            "access_policy.0.certificate_permissions.#": "12",
                            "access_policy.0.certificate_permissions.0": "create",
                            "access_policy.0.certificate_permissions.1": "delete",
                            "access_policy.0.certificate_permissions.10": "setissuers",
                            "access_policy.0.certificate_permissions.11": "update",
                            "access_policy.0.certificate_permissions.2": "deleteissuers",
                            "access_policy.0.certificate_permissions.3": "get",
                            "access_policy.0.certificate_permissions.4": "getissuers",
                            "access_policy.0.certificate_permissions.5": "import",
                            "access_policy.0.certificate_permissions.6": "list",
                            "access_policy.0.certificate_permissions.7": "listissuers",
                            "access_policy.0.certificate_permissions.8": "managecontacts",
                            "access_policy.0.certificate_permissions.9": "manageissuers",
                            "access_policy.0.key_permissions.#": "15",
                            "access_policy.0.key_permissions.0": "get",
                            "access_policy.0.key_permissions.1": "list",
                            "access_policy.0.key_permissions.10": "encrypt",
                            "access_policy.0.key_permissions.11": "unwrapKey",
                            "access_policy.0.key_permissions.12": "wrapKey",
                            "access_policy.0.key_permissions.13": "verify",
                            "access_policy.0.key_permissions.14": "sign",
                            "access_policy.0.key_permissions.2": "update",
                            "access_policy.0.key_permissions.3": "create",
                            "access_policy.0.key_permissions.4": "import",
                            "access_policy.0.key_permissions.5": "delete",
                            "access_policy.0.key_permissions.6": "recover",
                            "access_policy.0.key_permissions.7": "backup",
                            "access_policy.0.key_permissions.8": "restore",
                            "access_policy.0.key_permissions.9": "decrypt",
                            "access_policy.0.object_id": "697051ae-4fbc-44ae-8637-84b68f7d76ed",
                            "access_policy.0.secret_permissions.#": "7",
                            "access_policy.0.secret_permissions.0": "get",
                            "access_policy.0.secret_permissions.1": "list",
                            "access_policy.0.secret_permissions.2": "set",
                            "access_policy.0.secret_permissions.3": "delete",
                            "access_policy.0.secret_permissions.4": "recover",
                            "access_policy.0.secret_permissions.5": "backup",
                            "access_policy.0.secret_permissions.6": "restore",
                            "access_policy.0.tenant_id": "dea2de7c-16af-4661-9413-f8253dfe9e8e",
                            "access_policy.1.application_id": "",
                            "access_policy.1.certificate_permissions.#": "12",
                            "access_policy.1.certificate_permissions.0": "create",
                            "access_policy.1.certificate_permissions.1": "delete",
                            "access_policy.1.certificate_permissions.10": "setissuers",
                            "access_policy.1.certificate_permissions.11": "update",
                            "access_policy.1.certificate_permissions.2": "deleteissuers",
                            "access_policy.1.certificate_permissions.3": "get",
                            "access_policy.1.certificate_permissions.4": "getissuers",
                            "access_policy.1.certificate_permissions.5": "import",
                            "access_policy.1.certificate_permissions.6": "list",
                            "access_policy.1.certificate_permissions.7": "listissuers",
                            "access_policy.1.certificate_permissions.8": "managecontacts",
                            "access_policy.1.certificate_permissions.9": "manageissuers",
                            "access_policy.1.key_permissions.#": "15",
                            "access_policy.1.key_permissions.0": "get",
                            "access_policy.1.key_permissions.1": "list",
                            "access_policy.1.key_permissions.10": "encrypt",
                            "access_policy.1.key_permissions.11": "unwrapKey",
                            "access_policy.1.key_permissions.12": "wrapKey",
                            "access_policy.1.key_permissions.13": "verify",
                            "access_policy.1.key_permissions.14": "sign",
                            "access_policy.1.key_permissions.2": "update",
                            "access_policy.1.key_permissions.3": "create",
                            "access_policy.1.key_permissions.4": "import",
                            "access_policy.1.key_permissions.5": "delete",
                            "access_policy.1.key_permissions.6": "recover",
                            "access_policy.1.key_permissions.7": "backup",
                            "access_policy.1.key_permissions.8": "restore",
                            "access_policy.1.key_permissions.9": "decrypt",
                            "access_policy.1.object_id": "4e0e0c2f-9230-41a4-b606-4bd64c62cb9b",
                            "access_policy.1.secret_permissions.#": "7",
                            "access_policy.1.secret_permissions.0": "get",
                            "access_policy.1.secret_permissions.1": "list",
                            "access_policy.1.secret_permissions.2": "set",
                            "access_policy.1.secret_permissions.3": "delete",
                            "access_policy.1.secret_permissions.4": "recover",
                            "access_policy.1.secret_permissions.5": "backup",
                            "access_policy.1.secret_permissions.6": "restore",
                            "access_policy.1.tenant_id": "dea2de7c-16af-4661-9413-f8253dfe9e8e",
                            "enabled_for_deployment": "true",
                            "enabled_for_disk_encryption": "true",
                            "enabled_for_template_deployment": "true",
                            "id": "/subscriptions/0d192ee3-36a5-4a48-8ae6-1ff2657061e3/resourceGroups/dwto-dev-redis01/providers/Microsoft.KeyVault/vaults/dwto-dev-vault",
                            "location": "eastus",
                            "name": "dwto-dev-vault",
                            "resource_group_name": "dwto-dev-redis01",
                            "sku.#": "1",
                            "sku.0.name": "standard",
                            "tags.%": "0",
                            "tenant_id": "dea2de7c-16af-4661-9413-f8253dfe9e8e",
                            "vault_uri": "https://dwto-dev-vault.vault.azure.net/"
                        },
                        "meta": {
                            "schema_version": "1"
                        },
                        "tainted": false
                    },
                    "deposed": [],
                    "provider": "provider.azurerm"
                },
                "azurerm_key_vault_certificate.wincert": {
                    "type": "azurerm_key_vault_certificate",
                    "depends_on": [
                        "azurerm_key_vault.vault"
                    ],
                    "primary": {
                        "id": "https://dwto-dev-vault.vault.azure.net/certificates/wincert/577267a317f543dda62f187af2f03e61",
                        "attributes": {
                            "certificate_policy.#": "1",
                            "certificate_policy.0.issuer_parameters.#": "1",
                            "certificate_policy.0.issuer_parameters.0.name": "Self",
                            "certificate_policy.0.key_properties.#": "1",
                            "certificate_policy.0.key_properties.0.exportable": "true",
                            "certificate_policy.0.key_properties.0.key_size": "2048",
                            "certificate_policy.0.key_properties.0.key_type": "RSA",
                            "certificate_policy.0.key_properties.0.reuse_key": "true",
                            "certificate_policy.0.lifetime_action.#": "1",
                            "certificate_policy.0.lifetime_action.0.action.#": "1",
                            "certificate_policy.0.lifetime_action.0.action.0.action_type": "AutoRenew",
                            "certificate_policy.0.lifetime_action.0.trigger.#": "1",
                            "certificate_policy.0.lifetime_action.0.trigger.0.days_before_expiry": "30",
                            "certificate_policy.0.lifetime_action.0.trigger.0.lifetime_percentage": "0",
                            "certificate_policy.0.secret_properties.#": "1",
                            "certificate_policy.0.secret_properties.0.content_type": "application/x-pkcs12",
                            "certificate_policy.0.x509_certificate_properties.#": "1",
                            "certificate_policy.0.x509_certificate_properties.0.key_usage.#": "6",
                            "certificate_policy.0.x509_certificate_properties.0.key_usage.0": "cRLSign",
                            "certificate_policy.0.x509_certificate_properties.0.key_usage.1": "dataEncipherment",
                            "certificate_policy.0.x509_certificate_properties.0.key_usage.2": "digitalSignature",
                            "certificate_policy.0.x509_certificate_properties.0.key_usage.3": "keyAgreement",
                            "certificate_policy.0.x509_certificate_properties.0.key_usage.4": "keyCertSign",
                            "certificate_policy.0.x509_certificate_properties.0.key_usage.5": "keyEncipherment",
                            "certificate_policy.0.x509_certificate_properties.0.subject": "CN=My",
                            "certificate_policy.0.x509_certificate_properties.0.validity_in_months": "12",
                            "id": "https://dwto-dev-vault.vault.azure.net/certificates/wincert/577267a317f543dda62f187af2f03e61",
                            "name": "wincert",
                            "tags.%": "0",
                            "vault_uri": "https://dwto-dev-vault.vault.azure.net/",
                            "version": "577267a317f543dda62f187af2f03e61"
                        },
                        "meta": {},
                        "tainted": false
                    },
                    "deposed": [],
                    "provider": "provider.azurerm"
                },
                "azurerm_lb.Loadbalancer": {
                    "type": "azurerm_lb",
                    "depends_on": [
                        "azurerm_public_ip.loadbalancer_publicip",
                        "azurerm_resource_group.service_bus_rg"
                    ],
                    "primary": {
                        "id": "/subscriptions/0d192ee3-36a5-4a48-8ae6-1ff2657061e3/resourceGroups/dwto-dev-alsb01/providers/Microsoft.Network/loadBalancers/LoadBalancer",
                        "attributes": {
                            "frontend_ip_configuration.#": "1",
                            "frontend_ip_configuration.0.inbound_nat_rules.#": "0",
                            "frontend_ip_configuration.0.load_balancer_rules.#": "0",
                            "frontend_ip_configuration.0.name": "LoadBalancerIP",
                            "frontend_ip_configuration.0.private_ip_address": "",
                            "frontend_ip_configuration.0.private_ip_address_allocation": "Dynamic",
                            "frontend_ip_configuration.0.public_ip_address_id": "/subscriptions/0d192ee3-36a5-4a48-8ae6-1ff2657061e3/resourceGroups/dwto-dev-alsb01/providers/Microsoft.Network/publicIPAddresses/LoadBalancerIP",
                            "frontend_ip_configuration.0.subnet_id": "",
                            "id": "/subscriptions/0d192ee3-36a5-4a48-8ae6-1ff2657061e3/resourceGroups/dwto-dev-alsb01/providers/Microsoft.Network/loadBalancers/LoadBalancer",
                            "location": "eastus",
                            "name": "LoadBalancer",
                            "private_ip_address": "",
                            "private_ip_addresses.#": "0",
                            "resource_group_name": "dwto-dev-alsb01",
                            "tags.%": "0"
                        },
                        "meta": {},
                        "tainted": false
                    },
                    "deposed": [],
                    "provider": "provider.azurerm"
                },
                "azurerm_lb_backend_address_pool.lb_backend": {
                    "type": "azurerm_lb_backend_address_pool",
                    "depends_on": [
                        "azurerm_lb.Loadbalancer",
                        "azurerm_resource_group.service_bus_rg"
                    ],
                    "primary": {
                        "id": "/subscriptions/0d192ee3-36a5-4a48-8ae6-1ff2657061e3/resourceGroups/dwto-dev-alsb01/providers/Microsoft.Network/loadBalancers/LoadBalancer/backendAddressPools/LBBEAddressPool",
                        "attributes": {
                            "backend_ip_configurations.#": "0",
                            "id": "/subscriptions/0d192ee3-36a5-4a48-8ae6-1ff2657061e3/resourceGroups/dwto-dev-alsb01/providers/Microsoft.Network/loadBalancers/LoadBalancer/backendAddressPools/LBBEAddressPool",
                            "load_balancing_rules.#": "0",
                            "loadbalancer_id": "/subscriptions/0d192ee3-36a5-4a48-8ae6-1ff2657061e3/resourceGroups/dwto-dev-alsb01/providers/Microsoft.Network/loadBalancers/LoadBalancer",
                            "name": "LBBEAddressPool",
                            "resource_group_name": "dwto-dev-alsb01"
                        },
                        "meta": {},
                        "tainted": false
                    },
                    "deposed": [],
                    "provider": "provider.azurerm"
                },
                "azurerm_lb_nat_pool.LoadBalancerBEAddressNatPool": {
                    "type": "azurerm_lb_nat_pool",
                    "depends_on": [
                        "azurerm_lb.Loadbalancer",
                        "azurerm_resource_group.service_bus_rg"
                    ],
                    "primary": {
                        "id": "/subscriptions/0d192ee3-36a5-4a48-8ae6-1ff2657061e3/resourceGroups/dwto-dev-alsb01/providers/Microsoft.Network/loadBalancers/LoadBalancer/inboundNatPools/LoadBalancerBEAddressNatPool",
                        "attributes": {
                            "backend_port": "3389",
                            "frontend_ip_configuration_id": "/subscriptions/0d192ee3-36a5-4a48-8ae6-1ff2657061e3/resourceGroups/dwto-dev-alsb01/providers/Microsoft.Network/loadBalancers/LoadBalancer/frontendIPConfigurations/LoadBalancerIP",
                            "frontend_ip_configuration_name": "LoadBalancerIP",
                            "frontend_port_end": "4500",
                            "frontend_port_start": "3389",
                            "id": "/subscriptions/0d192ee3-36a5-4a48-8ae6-1ff2657061e3/resourceGroups/dwto-dev-alsb01/providers/Microsoft.Network/loadBalancers/LoadBalancer/inboundNatPools/LoadBalancerBEAddressNatPool",
                            "loadbalancer_id": "/subscriptions/0d192ee3-36a5-4a48-8ae6-1ff2657061e3/resourceGroups/dwto-dev-alsb01/providers/Microsoft.Network/loadBalancers/LoadBalancer",
                            "name": "LoadBalancerBEAddressNatPool",
                            "protocol": "Tcp",
                            "resource_group_name": "dwto-dev-alsb01"
                        },
                        "meta": {},
                        "tainted": false
                    },
                    "deposed": [],
                    "provider": "provider.azurerm"
                },
                "azurerm_lb_probe.FabricGateWayProbe": {
                    "type": "azurerm_lb_probe",
                    "depends_on": [
                        "azurerm_lb.Loadbalancer",
                        "azurerm_resource_group.service_bus_rg"
                    ],
                    "primary": {
                        "id": "/subscriptions/0d192ee3-36a5-4a48-8ae6-1ff2657061e3/resourceGroups/dwto-dev-alsb01/providers/Microsoft.Network/loadBalancers/LoadBalancer/probes/FabricGateWayProbe",
                        "attributes": {
                            "id": "/subscriptions/0d192ee3-36a5-4a48-8ae6-1ff2657061e3/resourceGroups/dwto-dev-alsb01/providers/Microsoft.Network/loadBalancers/LoadBalancer/probes/FabricGateWayProbe",
                            "interval_in_seconds": "5",
                            "load_balancer_rules.#": "0",
                            "loadbalancer_id": "/subscriptions/0d192ee3-36a5-4a48-8ae6-1ff2657061e3/resourceGroups/dwto-dev-alsb01/providers/Microsoft.Network/loadBalancers/LoadBalancer",
                            "name": "FabricGateWayProbe",
                            "number_of_probes": "2",
                            "port": "19000",
                            "protocol": "Tcp",
                            "request_path": "",
                            "resource_group_name": "dwto-dev-alsb01"
                        },
                        "meta": {},
                        "tainted": false
                    },
                    "deposed": [],
                    "provider": "provider.azurerm"
                },
                "azurerm_lb_probe.FabricHttpGatewayProbe": {
                    "type": "azurerm_lb_probe",
                    "depends_on": [
                        "azurerm_lb.Loadbalancer",
                        "azurerm_resource_group.service_bus_rg"
                    ],
                    "primary": {
                        "id": "/subscriptions/0d192ee3-36a5-4a48-8ae6-1ff2657061e3/resourceGroups/dwto-dev-alsb01/providers/Microsoft.Network/loadBalancers/LoadBalancer/probes/FabricHttpGateWayProbe",
                        "attributes": {
                            "id": "/subscriptions/0d192ee3-36a5-4a48-8ae6-1ff2657061e3/resourceGroups/dwto-dev-alsb01/providers/Microsoft.Network/loadBalancers/LoadBalancer/probes/FabricHttpGateWayProbe",
                            "interval_in_seconds": "5",
                            "load_balancer_rules.#": "0",
                            "loadbalancer_id": "/subscriptions/0d192ee3-36a5-4a48-8ae6-1ff2657061e3/resourceGroups/dwto-dev-alsb01/providers/Microsoft.Network/loadBalancers/LoadBalancer",
                            "name": "FabricHttpGateWayProbe",
                            "number_of_probes": "2",
                            "port": "19080",
                            "protocol": "Tcp",
                            "request_path": "",
                            "resource_group_name": "dwto-dev-alsb01"
                        },
                        "meta": {},
                        "tainted": false
                    },
                    "deposed": [],
                    "provider": "provider.azurerm"
                },
                "azurerm_lb_rule.LBHttpRule": {
                    "type": "azurerm_lb_rule",
                    "depends_on": [
                        "azurerm_lb.Loadbalancer",
                        "azurerm_resource_group.service_bus_rg"
                    ],
                    "primary": {
                        "id": "/subscriptions/0d192ee3-36a5-4a48-8ae6-1ff2657061e3/resourceGroups/dwto-dev-alsb01/providers/Microsoft.Network/loadBalancers/LoadBalancer/loadBalancingRules/LBHttpRule",
                        "attributes": {
                            "backend_port": "19080",
                            "enable_floating_ip": "false",
                            "frontend_ip_configuration_id": "/subscriptions/0d192ee3-36a5-4a48-8ae6-1ff2657061e3/resourceGroups/dwto-dev-alsb01/providers/Microsoft.Network/loadBalancers/LoadBalancer/frontendIPConfigurations/LoadBalancerIP",
                            "frontend_ip_configuration_name": "LoadBalancerIP",
                            "frontend_port": "19080",
                            "id": "/subscriptions/0d192ee3-36a5-4a48-8ae6-1ff2657061e3/resourceGroups/dwto-dev-alsb01/providers/Microsoft.Network/loadBalancers/LoadBalancer/loadBalancingRules/LBHttpRule",
                            "idle_timeout_in_minutes": "4",
                            "load_distribution": "Default",
                            "loadbalancer_id": "/subscriptions/0d192ee3-36a5-4a48-8ae6-1ff2657061e3/resourceGroups/dwto-dev-alsb01/providers/Microsoft.Network/loadBalancers/LoadBalancer",
                            "name": "LBHttpRule",
                            "protocol": "Tcp",
                            "resource_group_name": "dwto-dev-alsb01"
                        },
                        "meta": {},
                        "tainted": false
                    },
                    "deposed": [],
                    "provider": "provider.azurerm"
                },
                "azurerm_lb_rule.LBRule": {
                    "type": "azurerm_lb_rule",
                    "depends_on": [
                        "azurerm_lb.Loadbalancer",
                        "azurerm_resource_group.service_bus_rg"
                    ],
                    "primary": {
                        "id": "/subscriptions/0d192ee3-36a5-4a48-8ae6-1ff2657061e3/resourceGroups/dwto-dev-alsb01/providers/Microsoft.Network/loadBalancers/LoadBalancer/loadBalancingRules/LBRule",
                        "attributes": {
                            "backend_port": "19000",
                            "enable_floating_ip": "false",
                            "frontend_ip_configuration_id": "/subscriptions/0d192ee3-36a5-4a48-8ae6-1ff2657061e3/resourceGroups/dwto-dev-alsb01/providers/Microsoft.Network/loadBalancers/LoadBalancer/frontendIPConfigurations/LoadBalancerIP",
                            "frontend_ip_configuration_name": "LoadBalancerIP",
                            "frontend_port": "19000",
                            "id": "/subscriptions/0d192ee3-36a5-4a48-8ae6-1ff2657061e3/resourceGroups/dwto-dev-alsb01/providers/Microsoft.Network/loadBalancers/LoadBalancer/loadBalancingRules/LBRule",
                            "idle_timeout_in_minutes": "4",
                            "load_distribution": "Default",
                            "loadbalancer_id": "/subscriptions/0d192ee3-36a5-4a48-8ae6-1ff2657061e3/resourceGroups/dwto-dev-alsb01/providers/Microsoft.Network/loadBalancers/LoadBalancer",
                            "name": "LBRule",
                            "protocol": "Tcp",
                            "resource_group_name": "dwto-dev-alsb01"
                        },
                        "meta": {},
                        "tainted": false
                    },
                    "deposed": [],
                    "provider": "provider.azurerm"
                },
                "azurerm_public_ip.loadbalancer_publicip": {
                    "type": "azurerm_public_ip",
                    "depends_on": [
                        "azurerm_resource_group.service_bus_rg"
                    ],
                    "primary": {
                        "id": "/subscriptions/0d192ee3-36a5-4a48-8ae6-1ff2657061e3/resourceGroups/dwto-dev-alsb01/providers/Microsoft.Network/publicIPAddresses/LoadBalancerIP",
                        "attributes": {
                            "domain_name_label": "dwto-dev-alsb01",
                            "fqdn": "dwto-dev-alsb01.eastus.cloudapp.azure.com",
                            "id": "/subscriptions/0d192ee3-36a5-4a48-8ae6-1ff2657061e3/resourceGroups/dwto-dev-alsb01/providers/Microsoft.Network/publicIPAddresses/LoadBalancerIP",
                            "ip_address": "13.82.43.134",
                            "location": "eastus",
                            "name": "LoadBalancerIP",
                            "public_ip_address_allocation": "static",
                            "resource_group_name": "dwto-dev-alsb01",
                            "tags.%": "0"
                        },
                        "meta": {},
                        "tainted": false
                    },
                    "deposed": [],
                    "provider": "provider.azurerm"
                },
                "azurerm_redis_cache.redis": {
                    "type": "azurerm_redis_cache",
                    "depends_on": [
                        "azurerm_resource_group.redis_rg"
                    ],
                    "primary": {
                        "id": "/subscriptions/0d192ee3-36a5-4a48-8ae6-1ff2657061e3/resourceGroups/dwto-dev-redis01/providers/Microsoft.Cache/Redis/dwto-dev",
                        "attributes": {
                            "capacity": "1",
                            "enable_non_ssl_port": "false",
                            "family": "C",
                            "hostname": "dwto-dev.redis.cache.windows.net",
                            "id": "/subscriptions/0d192ee3-36a5-4a48-8ae6-1ff2657061e3/resourceGroups/dwto-dev-redis01/providers/Microsoft.Cache/Redis/dwto-dev",
                            "location": "eastus",
                            "name": "dwto-dev",
                            "port": "6379",
                            "primary_access_key": "X0f5/p92vNIG93H4NyJADNug7LAUb2syK95/lTrNpL8=",
                            "redis_configuration.#": "1",
                            "redis_configuration.0.maxclients": "0",
                            "redis_configuration.0.maxmemory_delta": "0",
                            "redis_configuration.0.maxmemory_policy": "volatile-lru",
                            "redis_configuration.0.maxmemory_reserved": "0",
                            "redis_configuration.0.rdb_backup_enabled": "false",
                            "redis_configuration.0.rdb_backup_frequency": "0",
                            "redis_configuration.0.rdb_backup_max_snapshot_count": "0",
                            "redis_configuration.0.rdb_storage_connection_string": "",
                            "resource_group_name": "dwto-dev-redis01",
                            "secondary_access_key": "joJK0ddR/wx+aaWiQ401wc4wNYtilpS80GtxZxPimNU=",
                            "sku_name": "Basic",
                            "ssl_port": "6380",
                            "tags.%": "0"
                        },
                        "meta": {},
                        "tainted": false
                    },
                    "deposed": [],
                    "provider": "provider.azurerm"
                },
                "azurerm_resource_group.redis_rg": {
                    "type": "azurerm_resource_group",
                    "depends_on": [],
                    "primary": {
                        "id": "/subscriptions/0d192ee3-36a5-4a48-8ae6-1ff2657061e3/resourceGroups/dwto-dev-redis01",
                        "attributes": {
                            "id": "/subscriptions/0d192ee3-36a5-4a48-8ae6-1ff2657061e3/resourceGroups/dwto-dev-redis01",
                            "location": "eastus",
                            "name": "dwto-dev-redis01",
                            "tags.%": "0"
                        },
                        "meta": {},
                        "tainted": false
                    },
                    "deposed": [],
                    "provider": "provider.azurerm"
                },
                "azurerm_resource_group.service_bus_rg": {
                    "type": "azurerm_resource_group",
                    "depends_on": [],
                    "primary": {
                        "id": "/subscriptions/0d192ee3-36a5-4a48-8ae6-1ff2657061e3/resourceGroups/dwto-dev-alsb01",
                        "attributes": {
                            "id": "/subscriptions/0d192ee3-36a5-4a48-8ae6-1ff2657061e3/resourceGroups/dwto-dev-alsb01",
                            "location": "eastus",
                            "name": "dwto-dev-alsb01",
                            "tags.%": "0"
                        },
                        "meta": {},
                        "tainted": false
                    },
                    "deposed": [],
                    "provider": "provider.azurerm"
                },
                "azurerm_servicebus_namespace.service_bus": {
                    "type": "azurerm_servicebus_namespace",
                    "depends_on": [
                        "azurerm_resource_group.service_bus_rg"
                    ],
                    "primary": {
                        "id": "/subscriptions/0d192ee3-36a5-4a48-8ae6-1ff2657061e3/resourceGroups/dwto-dev-alsb01/providers/Microsoft.ServiceBus/namespaces/dwto-dev-servicebus",
                        "attributes": {
                            "capacity": "0",
                            "default_primary_connection_string": "Endpoint=sb://dwto-dev-servicebus.servicebus.windows.net/;SharedAccessKeyName=RootManageSharedAccessKey;SharedAccessKey=oWU8DWobsjRcOu8lgl3Rdo3nH6LT/95Bv5ciFRoCICE=",
                            "default_primary_key": "oWU8DWobsjRcOu8lgl3Rdo3nH6LT/95Bv5ciFRoCICE=",
                            "default_secondary_connection_string": "Endpoint=sb://dwto-dev-servicebus.servicebus.windows.net/;SharedAccessKeyName=RootManageSharedAccessKey;SharedAccessKey=4tEiBbaCcvV2igri1nSEx/wApX0ZAcRmRNv2ELeF5Ds=",
                            "default_secondary_key": "4tEiBbaCcvV2igri1nSEx/wApX0ZAcRmRNv2ELeF5Ds=",
                            "id": "/subscriptions/0d192ee3-36a5-4a48-8ae6-1ff2657061e3/resourceGroups/dwto-dev-alsb01/providers/Microsoft.ServiceBus/namespaces/dwto-dev-servicebus",
                            "location": "eastus",
                            "name": "dwto-dev-servicebus",
                            "resource_group_name": "dwto-dev-alsb01",
                            "sku": "basic",
                            "tags.%": "0"
                        },
                        "meta": {
                            "schema_version": "1"
                        },
                        "tainted": false
                    },
                    "deposed": [],
                    "provider": "provider.azurerm"
                },
                "azurerm_storage_account.appdiagstrg": {
                    "type": "azurerm_storage_account",
                    "depends_on": [
                        "azurerm_resource_group.service_bus_rg"
                    ],
                    "primary": {
                        "id": "/subscriptions/0d192ee3-36a5-4a48-8ae6-1ff2657061e3/resourceGroups/dwto-dev-alsb01/providers/Microsoft.Storage/storageAccounts/appdiagstrg",
                        "attributes": {
                            "access_tier": "",
                            "account_encryption_source": "Microsoft.Storage",
                            "account_kind": "Storage",
                            "account_replication_type": "LRS",
                            "account_tier": "Standard",
                            "account_type": "Standard_LRS",
                            "enable_blob_encryption": "true",
                            "enable_file_encryption": "true",
                            "enable_https_traffic_only": "false",
                            "id": "/subscriptions/0d192ee3-36a5-4a48-8ae6-1ff2657061e3/resourceGroups/dwto-dev-alsb01/providers/Microsoft.Storage/storageAccounts/appdiagstrg",
                            "location": "eastus",
                            "name": "appdiagstrg",
                            "primary_access_key": "bA+mgedLEn/i7Nt7w4Sb3RszJDnhfjwSrAdXGrauOf/YIuX6sgS58sEpOYayNBDeGDD3oS8rE3xFe+RqCBy1hg==",
                            "primary_blob_connection_string": "DefaultEndpointsProtocol=https;BlobEndpoint=https://appdiagstrg.blob.core.windows.net/;AccountName=appdiagstrg;AccountKey=bA+mgedLEn/i7Nt7w4Sb3RszJDnhfjwSrAdXGrauOf/YIuX6sgS58sEpOYayNBDeGDD3oS8rE3xFe+RqCBy1hg==",
                            "primary_blob_endpoint": "https://appdiagstrg.blob.core.windows.net/",
                            "primary_connection_string": "DefaultEndpointsProtocol=https;AccountName=appdiagstrg;AccountKey=bA+mgedLEn/i7Nt7w4Sb3RszJDnhfjwSrAdXGrauOf/YIuX6sgS58sEpOYayNBDeGDD3oS8rE3xFe+RqCBy1hg==;EndpointSuffix=core.windows.net",
                            "primary_file_endpoint": "https://appdiagstrg.file.core.windows.net/",
                            "primary_location": "eastus",
                            "primary_queue_endpoint": "https://appdiagstrg.queue.core.windows.net/",
                            "primary_table_endpoint": "https://appdiagstrg.table.core.windows.net/",
                            "resource_group_name": "dwto-dev-alsb01",
                            "secondary_access_key": "aVWa4kC2Dh/pKoQPpOr9+W49bUtuZtlspwtIfAmdHW+wuMNBVTGf2WdIWP09V61odsMO7uhYDpQ2SAhF5Yn9Iw==",
                            "secondary_connection_string": "DefaultEndpointsProtocol=https;AccountName=appdiagstrg;AccountKey=aVWa4kC2Dh/pKoQPpOr9+W49bUtuZtlspwtIfAmdHW+wuMNBVTGf2WdIWP09V61odsMO7uhYDpQ2SAhF5Yn9Iw==;EndpointSuffix=core.windows.net",
                            "secondary_location": "",
                            "tags.%": "0"
                        },
                        "meta": {
                            "schema_version": "2"
                        },
                        "tainted": false
                    },
                    "deposed": [],
                    "provider": "provider.azurerm"
                },
                "azurerm_storage_account.sbstrgacc": {
                    "type": "azurerm_storage_account",
                    "depends_on": [
                        "azurerm_resource_group.service_bus_rg"
                    ],
                    "primary": {
                        "id": "/subscriptions/0d192ee3-36a5-4a48-8ae6-1ff2657061e3/resourceGroups/dwto-dev-alsb01/providers/Microsoft.Storage/storageAccounts/servicebusstorageaccount",
                        "attributes": {
                            "access_tier": "",
                            "account_encryption_source": "Microsoft.Storage",
                            "account_kind": "Storage",
                            "account_replication_type": "RAGRS",
                            "account_tier": "Standard",
                            "account_type": "Standard_RAGRS",
                            "enable_blob_encryption": "true",
                            "enable_file_encryption": "true",
                            "enable_https_traffic_only": "false",
                            "id": "/subscriptions/0d192ee3-36a5-4a48-8ae6-1ff2657061e3/resourceGroups/dwto-dev-alsb01/providers/Microsoft.Storage/storageAccounts/servicebusstorageaccount",
                            "location": "eastus",
                            "name": "servicebusstorageaccount",
                            "primary_access_key": "KZqC2aiHmRnK/CJxB37WXISgc8OKrQuz1z41qbA5vwVtQ72yExcKGQ7lPjPF8Y9AHJxaE6wrK1v+80Kt1AM5FA==",
                            "primary_blob_connection_string": "DefaultEndpointsProtocol=https;BlobEndpoint=https://servicebusstorageaccount.blob.core.windows.net/;AccountName=servicebusstorageaccount;AccountKey=KZqC2aiHmRnK/CJxB37WXISgc8OKrQuz1z41qbA5vwVtQ72yExcKGQ7lPjPF8Y9AHJxaE6wrK1v+80Kt1AM5FA==",
                            "primary_blob_endpoint": "https://servicebusstorageaccount.blob.core.windows.net/",
                            "primary_connection_string": "DefaultEndpointsProtocol=https;AccountName=servicebusstorageaccount;AccountKey=KZqC2aiHmRnK/CJxB37WXISgc8OKrQuz1z41qbA5vwVtQ72yExcKGQ7lPjPF8Y9AHJxaE6wrK1v+80Kt1AM5FA==;EndpointSuffix=core.windows.net",
                            "primary_file_endpoint": "https://servicebusstorageaccount.file.core.windows.net/",
                            "primary_location": "eastus",
                            "primary_queue_endpoint": "https://servicebusstorageaccount.queue.core.windows.net/",
                            "primary_table_endpoint": "https://servicebusstorageaccount.table.core.windows.net/",
                            "resource_group_name": "dwto-dev-alsb01",
                            "secondary_access_key": "ioeI8V+fDuw+aAMnzQAVYnXe1O8hAgGUMCKLCJE7Y7CgiX77kW+ksEfFbiC75YOndP864XYOIFR7A6m/hjZzOw==",
                            "secondary_blob_connection_string": "DefaultEndpointsProtocol=https;BlobEndpoint=https://servicebusstorageaccount-secondary.blob.core.windows.net/;AccountName=servicebusstorageaccount;AccountKey=ioeI8V+fDuw+aAMnzQAVYnXe1O8hAgGUMCKLCJE7Y7CgiX77kW+ksEfFbiC75YOndP864XYOIFR7A6m/hjZzOw==",
                            "secondary_blob_endpoint": "https://servicebusstorageaccount-secondary.blob.core.windows.net/",
                            "secondary_connection_string": "DefaultEndpointsProtocol=https;AccountName=servicebusstorageaccount;AccountKey=ioeI8V+fDuw+aAMnzQAVYnXe1O8hAgGUMCKLCJE7Y7CgiX77kW+ksEfFbiC75YOndP864XYOIFR7A6m/hjZzOw==;EndpointSuffix=core.windows.net",
                            "secondary_location": "westus",
                            "secondary_queue_endpoint": "https://servicebusstorageaccount-secondary.queue.core.windows.net/",
                            "secondary_table_endpoint": "https://servicebusstorageaccount-secondary.table.core.windows.net/",
                            "tags.%": "0"
                        },
                        "meta": {
                            "schema_version": "2"
                        },
                        "tainted": false
                    },
                    "deposed": [],
                    "provider": "provider.azurerm"
                },
                "azurerm_storage_account.sf_storage_account01": {
                    "type": "azurerm_storage_account",
                    "depends_on": [
                        "azurerm_resource_group.service_bus_rg"
                    ],
                    "primary": {
                        "id": "/subscriptions/0d192ee3-36a5-4a48-8ae6-1ff2657061e3/resourceGroups/dwto-dev-alsb01/providers/Microsoft.Storage/storageAccounts/sfstorageaccount01",
                        "attributes": {
                            "access_tier": "",
                            "account_encryption_source": "Microsoft.Storage",
                            "account_kind": "Storage",
                            "account_replication_type": "LRS",
                            "account_tier": "Standard",
                            "account_type": "Standard_LRS",
                            "enable_blob_encryption": "true",
                            "enable_file_encryption": "true",
                            "enable_https_traffic_only": "false",
                            "id": "/subscriptions/0d192ee3-36a5-4a48-8ae6-1ff2657061e3/resourceGroups/dwto-dev-alsb01/providers/Microsoft.Storage/storageAccounts/sfstorageaccount01",
                            "location": "eastus",
                            "name": "sfstorageaccount01",
                            "primary_access_key": "vuGfcib6VhlRMfWV7MD0PQdUbZDnT5Kpmb6PkIUhvJXPM7JSthN7gtPrSE2zxri22HVrc3wjye4Dr8KoMRIfew==",
                            "primary_blob_connection_string": "DefaultEndpointsProtocol=https;BlobEndpoint=https://sfstorageaccount01.blob.core.windows.net/;AccountName=sfstorageaccount01;AccountKey=vuGfcib6VhlRMfWV7MD0PQdUbZDnT5Kpmb6PkIUhvJXPM7JSthN7gtPrSE2zxri22HVrc3wjye4Dr8KoMRIfew==",
                            "primary_blob_endpoint": "https://sfstorageaccount01.blob.core.windows.net/",
                            "primary_connection_string": "DefaultEndpointsProtocol=https;AccountName=sfstorageaccount01;AccountKey=vuGfcib6VhlRMfWV7MD0PQdUbZDnT5Kpmb6PkIUhvJXPM7JSthN7gtPrSE2zxri22HVrc3wjye4Dr8KoMRIfew==;EndpointSuffix=core.windows.net",
                            "primary_file_endpoint": "https://sfstorageaccount01.file.core.windows.net/",
                            "primary_location": "eastus",
                            "primary_queue_endpoint": "https://sfstorageaccount01.queue.core.windows.net/",
                            "primary_table_endpoint": "https://sfstorageaccount01.table.core.windows.net/",
                            "resource_group_name": "dwto-dev-alsb01",
                            "secondary_access_key": "IKJMpBhBGkOqsyQ5ChbpO+Sbj9ROjylmoU/os3ZYs+3L7ayjO3zq5LhgcE6A+ODXB9rdArjA6xZM4WJoD45rCw==",
                            "secondary_connection_string": "DefaultEndpointsProtocol=https;AccountName=sfstorageaccount01;AccountKey=IKJMpBhBGkOqsyQ5ChbpO+Sbj9ROjylmoU/os3ZYs+3L7ayjO3zq5LhgcE6A+ODXB9rdArjA6xZM4WJoD45rCw==;EndpointSuffix=core.windows.net",
                            "secondary_location": "",
                            "tags.%": "0"
                        },
                        "meta": {
                            "schema_version": "2"
                        },
                        "tainted": false
                    },
                    "deposed": [],
                    "provider": "provider.azurerm"
                },
                "azurerm_storage_account.sf_storage_account02": {
                    "type": "azurerm_storage_account",
                    "depends_on": [
                        "azurerm_resource_group.service_bus_rg"
                    ],
                    "primary": {
                        "id": "/subscriptions/0d192ee3-36a5-4a48-8ae6-1ff2657061e3/resourceGroups/dwto-dev-alsb01/providers/Microsoft.Storage/storageAccounts/sfstorageaccount02",
                        "attributes": {
                            "access_tier": "",
                            "account_encryption_source": "Microsoft.Storage",
                            "account_kind": "Storage",
                            "account_replication_type": "LRS",
                            "account_tier": "Standard",
                            "account_type": "Standard_LRS",
                            "enable_blob_encryption": "true",
                            "enable_file_encryption": "true",
                            "enable_https_traffic_only": "false",
                            "id": "/subscriptions/0d192ee3-36a5-4a48-8ae6-1ff2657061e3/resourceGroups/dwto-dev-alsb01/providers/Microsoft.Storage/storageAccounts/sfstorageaccount02",
                            "location": "eastus",
                            "name": "sfstorageaccount02",
                            "primary_access_key": "CBhkQ+pPqfu4PlfKxjJsT4IbmUDbOPdR3prsonPwmdMSadROzY+5MwNr5PsZihqoPTcv4WW6R9EgB0GJTv4ffQ==",
                            "primary_blob_connection_string": "DefaultEndpointsProtocol=https;BlobEndpoint=https://sfstorageaccount02.blob.core.windows.net/;AccountName=sfstorageaccount02;AccountKey=CBhkQ+pPqfu4PlfKxjJsT4IbmUDbOPdR3prsonPwmdMSadROzY+5MwNr5PsZihqoPTcv4WW6R9EgB0GJTv4ffQ==",
                            "primary_blob_endpoint": "https://sfstorageaccount02.blob.core.windows.net/",
                            "primary_connection_string": "DefaultEndpointsProtocol=https;AccountName=sfstorageaccount02;AccountKey=CBhkQ+pPqfu4PlfKxjJsT4IbmUDbOPdR3prsonPwmdMSadROzY+5MwNr5PsZihqoPTcv4WW6R9EgB0GJTv4ffQ==;EndpointSuffix=core.windows.net",
                            "primary_file_endpoint": "https://sfstorageaccount02.file.core.windows.net/",
                            "primary_location": "eastus",
                            "primary_queue_endpoint": "https://sfstorageaccount02.queue.core.windows.net/",
                            "primary_table_endpoint": "https://sfstorageaccount02.table.core.windows.net/",
                            "resource_group_name": "dwto-dev-alsb01",
                            "secondary_access_key": "PBIigwclrzwlNmez4d7HGcmxVlDqf3MrBrVvgUOF6vW9TCHF49YoWFhy4zt0/dsQsPWSqFeS992Ib9xHdA9qeA==",
                            "secondary_connection_string": "DefaultEndpointsProtocol=https;AccountName=sfstorageaccount02;AccountKey=PBIigwclrzwlNmez4d7HGcmxVlDqf3MrBrVvgUOF6vW9TCHF49YoWFhy4zt0/dsQsPWSqFeS992Ib9xHdA9qeA==;EndpointSuffix=core.windows.net",
                            "secondary_location": "",
                            "tags.%": "0"
                        },
                        "meta": {
                            "schema_version": "2"
                        },
                        "tainted": false
                    },
                    "deposed": [],
                    "provider": "provider.azurerm"
                },
                "azurerm_storage_account.sf_storage_account03": {
                    "type": "azurerm_storage_account",
                    "depends_on": [
                        "azurerm_resource_group.service_bus_rg"
                    ],
                    "primary": {
                        "id": "/subscriptions/0d192ee3-36a5-4a48-8ae6-1ff2657061e3/resourceGroups/dwto-dev-alsb01/providers/Microsoft.Storage/storageAccounts/sfstorageaccount03",
                        "attributes": {
                            "access_tier": "",
                            "account_encryption_source": "Microsoft.Storage",
                            "account_kind": "Storage",
                            "account_replication_type": "LRS",
                            "account_tier": "Standard",
                            "account_type": "Standard_LRS",
                            "enable_blob_encryption": "true",
                            "enable_file_encryption": "true",
                            "enable_https_traffic_only": "false",
                            "id": "/subscriptions/0d192ee3-36a5-4a48-8ae6-1ff2657061e3/resourceGroups/dwto-dev-alsb01/providers/Microsoft.Storage/storageAccounts/sfstorageaccount03",
                            "location": "eastus",
                            "name": "sfstorageaccount03",
                            "primary_access_key": "JRwFOXUPLuuOtuUewKxG6TGW5Ptv8h3g7LNQppwpurVE/lPbdv8LomWYI5lzCi8S7367ErJUIQ335dzANPJScA==",
                            "primary_blob_connection_string": "DefaultEndpointsProtocol=https;BlobEndpoint=https://sfstorageaccount03.blob.core.windows.net/;AccountName=sfstorageaccount03;AccountKey=JRwFOXUPLuuOtuUewKxG6TGW5Ptv8h3g7LNQppwpurVE/lPbdv8LomWYI5lzCi8S7367ErJUIQ335dzANPJScA==",
                            "primary_blob_endpoint": "https://sfstorageaccount03.blob.core.windows.net/",
                            "primary_connection_string": "DefaultEndpointsProtocol=https;AccountName=sfstorageaccount03;AccountKey=JRwFOXUPLuuOtuUewKxG6TGW5Ptv8h3g7LNQppwpurVE/lPbdv8LomWYI5lzCi8S7367ErJUIQ335dzANPJScA==;EndpointSuffix=core.windows.net",
                            "primary_file_endpoint": "https://sfstorageaccount03.file.core.windows.net/",
                            "primary_location": "eastus",
                            "primary_queue_endpoint": "https://sfstorageaccount03.queue.core.windows.net/",
                            "primary_table_endpoint": "https://sfstorageaccount03.table.core.windows.net/",
                            "resource_group_name": "dwto-dev-alsb01",
                            "secondary_access_key": "LVJ5gT3kjn5cnrnU0oozhFGn/lUCmWNPtKzV09K3gM0nXGo8snXcsaGiZ9+03fbdj7Y0WrdvmrfPwOUxmZ0t6Q==",
                            "secondary_connection_string": "DefaultEndpointsProtocol=https;AccountName=sfstorageaccount03;AccountKey=LVJ5gT3kjn5cnrnU0oozhFGn/lUCmWNPtKzV09K3gM0nXGo8snXcsaGiZ9+03fbdj7Y0WrdvmrfPwOUxmZ0t6Q==;EndpointSuffix=core.windows.net",
                            "secondary_location": "",
                            "tags.%": "0"
                        },
                        "meta": {
                            "schema_version": "2"
                        },
                        "tainted": false
                    },
                    "deposed": [],
                    "provider": "provider.azurerm"
                },
                "azurerm_storage_account.sf_storage_account04": {
                    "type": "azurerm_storage_account",
                    "depends_on": [
                        "azurerm_resource_group.service_bus_rg"
                    ],
                    "primary": {
                        "id": "/subscriptions/0d192ee3-36a5-4a48-8ae6-1ff2657061e3/resourceGroups/dwto-dev-alsb01/providers/Microsoft.Storage/storageAccounts/sfstorageaccount04",
                        "attributes": {
                            "access_tier": "",
                            "account_encryption_source": "Microsoft.Storage",
                            "account_kind": "Storage",
                            "account_replication_type": "LRS",
                            "account_tier": "Standard",
                            "account_type": "Standard_LRS",
                            "enable_blob_encryption": "true",
                            "enable_file_encryption": "true",
                            "enable_https_traffic_only": "false",
                            "id": "/subscriptions/0d192ee3-36a5-4a48-8ae6-1ff2657061e3/resourceGroups/dwto-dev-alsb01/providers/Microsoft.Storage/storageAccounts/sfstorageaccount04",
                            "location": "eastus",
                            "name": "sfstorageaccount04",
                            "primary_access_key": "bnvfrvCgY9Ut2/+wNQWCYoPRVSguL0IbO4Zorcmbgz6k0FU0fbp/BEiWNH2r0jLqjn+9oKNl17ps1b7F0JY2tQ==",
                            "primary_blob_connection_string": "DefaultEndpointsProtocol=https;BlobEndpoint=https://sfstorageaccount04.blob.core.windows.net/;AccountName=sfstorageaccount04;AccountKey=bnvfrvCgY9Ut2/+wNQWCYoPRVSguL0IbO4Zorcmbgz6k0FU0fbp/BEiWNH2r0jLqjn+9oKNl17ps1b7F0JY2tQ==",
                            "primary_blob_endpoint": "https://sfstorageaccount04.blob.core.windows.net/",
                            "primary_connection_string": "DefaultEndpointsProtocol=https;AccountName=sfstorageaccount04;AccountKey=bnvfrvCgY9Ut2/+wNQWCYoPRVSguL0IbO4Zorcmbgz6k0FU0fbp/BEiWNH2r0jLqjn+9oKNl17ps1b7F0JY2tQ==;EndpointSuffix=core.windows.net",
                            "primary_file_endpoint": "https://sfstorageaccount04.file.core.windows.net/",
                            "primary_location": "eastus",
                            "primary_queue_endpoint": "https://sfstorageaccount04.queue.core.windows.net/",
                            "primary_table_endpoint": "https://sfstorageaccount04.table.core.windows.net/",
                            "resource_group_name": "dwto-dev-alsb01",
                            "secondary_access_key": "tcXF941wpWRfM3sQnRGbYdmxwhCwk6L87pNSXeyVCm2Bd3VwsMVBKorsLPGZxdGmL1UaXHJfuKUjOx7kaUMMtQ==",
                            "secondary_connection_string": "DefaultEndpointsProtocol=https;AccountName=sfstorageaccount04;AccountKey=tcXF941wpWRfM3sQnRGbYdmxwhCwk6L87pNSXeyVCm2Bd3VwsMVBKorsLPGZxdGmL1UaXHJfuKUjOx7kaUMMtQ==;EndpointSuffix=core.windows.net",
                            "secondary_location": "",
                            "tags.%": "0"
                        },
                        "meta": {
                            "schema_version": "2"
                        },
                        "tainted": false
                    },
                    "deposed": [],
                    "provider": "provider.azurerm"
                },
                "azurerm_storage_account.sf_storage_account05": {
                    "type": "azurerm_storage_account",
                    "depends_on": [
                        "azurerm_resource_group.service_bus_rg"
                    ],
                    "primary": {
                        "id": "/subscriptions/0d192ee3-36a5-4a48-8ae6-1ff2657061e3/resourceGroups/dwto-dev-alsb01/providers/Microsoft.Storage/storageAccounts/sfstorageaccount05",
                        "attributes": {
                            "access_tier": "",
                            "account_encryption_source": "Microsoft.Storage",
                            "account_kind": "Storage",
                            "account_replication_type": "LRS",
                            "account_tier": "Standard",
                            "account_type": "Standard_LRS",
                            "enable_blob_encryption": "true",
                            "enable_file_encryption": "true",
                            "enable_https_traffic_only": "false",
                            "id": "/subscriptions/0d192ee3-36a5-4a48-8ae6-1ff2657061e3/resourceGroups/dwto-dev-alsb01/providers/Microsoft.Storage/storageAccounts/sfstorageaccount05",
                            "location": "eastus",
                            "name": "sfstorageaccount05",
                            "primary_access_key": "XBEueaCsa0oWjqo3alL8blfXZ/6TZgPng5FGMfTfP0wnFJfsuK9jzALOB6la/mn2oBA9wslPECnZ0y4xvrgSfg==",
                            "primary_blob_connection_string": "DefaultEndpointsProtocol=https;BlobEndpoint=https://sfstorageaccount05.blob.core.windows.net/;AccountName=sfstorageaccount05;AccountKey=XBEueaCsa0oWjqo3alL8blfXZ/6TZgPng5FGMfTfP0wnFJfsuK9jzALOB6la/mn2oBA9wslPECnZ0y4xvrgSfg==",
                            "primary_blob_endpoint": "https://sfstorageaccount05.blob.core.windows.net/",
                            "primary_connection_string": "DefaultEndpointsProtocol=https;AccountName=sfstorageaccount05;AccountKey=XBEueaCsa0oWjqo3alL8blfXZ/6TZgPng5FGMfTfP0wnFJfsuK9jzALOB6la/mn2oBA9wslPECnZ0y4xvrgSfg==;EndpointSuffix=core.windows.net",
                            "primary_file_endpoint": "https://sfstorageaccount05.file.core.windows.net/",
                            "primary_location": "eastus",
                            "primary_queue_endpoint": "https://sfstorageaccount05.queue.core.windows.net/",
                            "primary_table_endpoint": "https://sfstorageaccount05.table.core.windows.net/",
                            "resource_group_name": "dwto-dev-alsb01",
                            "secondary_access_key": "7h67BV/dhG1p1wswCzKnSTYskgM0vZilqPaovfrcZdEErye5JkogvGiz/k+TRKIW3OrIQISLy8HKAuzA9ozKvA==",
                            "secondary_connection_string": "DefaultEndpointsProtocol=https;AccountName=sfstorageaccount05;AccountKey=7h67BV/dhG1p1wswCzKnSTYskgM0vZilqPaovfrcZdEErye5JkogvGiz/k+TRKIW3OrIQISLy8HKAuzA9ozKvA==;EndpointSuffix=core.windows.net",
                            "secondary_location": "",
                            "tags.%": "0"
                        },
                        "meta": {
                            "schema_version": "2"
                        },
                        "tainted": false
                    },
                    "deposed": [],
                    "provider": "provider.azurerm"
                },
                "azurerm_storage_account.supportLogStorageAccount": {
                    "type": "azurerm_storage_account",
                    "depends_on": [
                        "azurerm_resource_group.service_bus_rg"
                    ],
                    "primary": {
                        "id": "/subscriptions/0d192ee3-36a5-4a48-8ae6-1ff2657061e3/resourceGroups/dwto-dev-alsb01/providers/Microsoft.Storage/storageAccounts/supportlogstorageaccount",
                        "attributes": {
                            "access_tier": "",
                            "account_encryption_source": "Microsoft.Storage",
                            "account_kind": "Storage",
                            "account_replication_type": "LRS",
                            "account_tier": "Standard",
                            "account_type": "Standard_LRS",
                            "enable_blob_encryption": "true",
                            "enable_file_encryption": "true",
                            "enable_https_traffic_only": "false",
                            "id": "/subscriptions/0d192ee3-36a5-4a48-8ae6-1ff2657061e3/resourceGroups/dwto-dev-alsb01/providers/Microsoft.Storage/storageAccounts/supportlogstorageaccount",
                            "location": "eastus",
                            "name": "supportlogstorageaccount",
                            "primary_access_key": "dO/BewUD+LLhHCVgtnUc9tn1H/7U0C7xcuQMx/CLJKhLr7JmR/a0w4M7jiQPEaBkc+ruGfUs6NXAYpQpYYXQeQ==",
                            "primary_blob_connection_string": "DefaultEndpointsProtocol=https;BlobEndpoint=https://supportlogstorageaccount.blob.core.windows.net/;AccountName=supportlogstorageaccount;AccountKey=dO/BewUD+LLhHCVgtnUc9tn1H/7U0C7xcuQMx/CLJKhLr7JmR/a0w4M7jiQPEaBkc+ruGfUs6NXAYpQpYYXQeQ==",
                            "primary_blob_endpoint": "https://supportlogstorageaccount.blob.core.windows.net/",
                            "primary_connection_string": "DefaultEndpointsProtocol=https;AccountName=supportlogstorageaccount;AccountKey=dO/BewUD+LLhHCVgtnUc9tn1H/7U0C7xcuQMx/CLJKhLr7JmR/a0w4M7jiQPEaBkc+ruGfUs6NXAYpQpYYXQeQ==;EndpointSuffix=core.windows.net",
                            "primary_file_endpoint": "https://supportlogstorageaccount.file.core.windows.net/",
                            "primary_location": "eastus",
                            "primary_queue_endpoint": "https://supportlogstorageaccount.queue.core.windows.net/",
                            "primary_table_endpoint": "https://supportlogstorageaccount.table.core.windows.net/",
                            "resource_group_name": "dwto-dev-alsb01",
                            "secondary_access_key": "nblORChiA8o86kRyQnRP37jadQC/L92owvpqxZt850LHDj+32/ekCW4EJ3BOY7KUstLMYCYrZQSnqYN2TgL2Jg==",
                            "secondary_connection_string": "DefaultEndpointsProtocol=https;AccountName=supportlogstorageaccount;AccountKey=nblORChiA8o86kRyQnRP37jadQC/L92owvpqxZt850LHDj+32/ekCW4EJ3BOY7KUstLMYCYrZQSnqYN2TgL2Jg==;EndpointSuffix=core.windows.net",
                            "secondary_location": "",
                            "tags.%": "0"
                        },
                        "meta": {
                            "schema_version": "2"
                        },
                        "tainted": false
                    },
                    "deposed": [],
                    "provider": "provider.azurerm"
                },
                "azurerm_storage_container.sb_storage_container": {
                    "type": "azurerm_storage_container",
                    "depends_on": [
                        "azurerm_resource_group.service_bus_rg",
                        "azurerm_storage_account.sbstrgacc"
                    ],
                    "primary": {
                        "id": "vhds",
                        "attributes": {
                            "container_access_type": "private",
                            "id": "vhds",
                            "name": "vhds",
                            "properties.%": "4",
                            "properties.last_modified": "Tue, 16 Jan 2018 18:27:13 GMT",
                            "properties.lease_duration": "",
                            "properties.lease_state": "available",
                            "properties.lease_status": "unlocked",
                            "resource_group_name": "dwto-dev-alsb01",
                            "storage_account_name": "servicebusstorageaccount"
                        },
                        "meta": {},
                        "tainted": false
                    },
                    "deposed": [],
                    "provider": "provider.azurerm"
                },
                "azurerm_subnet.subnet0": {
                    "type": "azurerm_subnet",
                    "depends_on": [
                        "azurerm_resource_group.service_bus_rg",
                        "azurerm_virtual_network.vnet"
                    ],
                    "primary": {
                        "id": "/subscriptions/0d192ee3-36a5-4a48-8ae6-1ff2657061e3/resourceGroups/dwto-dev-alsb01/providers/Microsoft.Network/virtualNetworks/vnet/subnets/Subnet-0",
                        "attributes": {
                            "address_prefix": "10.0.0.0/24",
                            "id": "/subscriptions/0d192ee3-36a5-4a48-8ae6-1ff2657061e3/resourceGroups/dwto-dev-alsb01/providers/Microsoft.Network/virtualNetworks/vnet/subnets/Subnet-0",
                            "ip_configurations.#": "0",
                            "name": "Subnet-0",
                            "resource_group_name": "dwto-dev-alsb01",
                            "virtual_network_name": "vnet"
                        },
                        "meta": {},
                        "tainted": false
                    },
                    "deposed": [],
                    "provider": "provider.azurerm"
                },
                "azurerm_template_deployment.servicefabric": {
                    "type": "azurerm_template_deployment",
                    "depends_on": [
                        "azurerm_public_ip.loadbalancer_publicip",
                        "azurerm_resource_group.service_bus_rg",
                        "azurerm_storage_account.supportLogStorageAccount"
                    ],
                    "primary": {
                        "id": "/subscriptions/0d192ee3-36a5-4a48-8ae6-1ff2657061e3/resourceGroups/dwto-dev-alsb01/providers/Microsoft.Resources/deployments/dwto-dev-servicefabric",
                        "attributes": {
                            "deployment_mode": "Incremental",
                            "id": "/subscriptions/0d192ee3-36a5-4a48-8ae6-1ff2657061e3/resourceGroups/dwto-dev-alsb01/providers/Microsoft.Resources/deployments/dwto-dev-servicefabric",
                            "name": "dwto-dev-servicefabric",
                            "outputs.%": "1",
                            "outputs.clusterEndpoint": "https://eastus.servicefabric.azure.com/runtime/clusters/0824437c-42d8-4565-ac67-70bcfaeff788",
                            "parameters.%": "9",
                            "parameters.certificateStoreValue": "My",
                            "parameters.certificateThumbprint": "44AFD7785D0BE5A8DB97BBAE17959F9141A784B3",
                            "parameters.clusterLocation": "eastus",
                            "parameters.clusterName": "alsvccl01",
                            "parameters.lbIPName": "dwto-dev-alsb01.eastus.cloudapp.azure.com",
                            "parameters.supportLogStorageAccountName": "supportlogstorageaccount",
                            "parameters.supportLogStorageBlobEndPoint": "https://supportlogstorageaccount.blob.core.windows.net/",
                            "parameters.supportLogStorageQueueEndPoint": "https://supportlogstorageaccount.queue.core.windows.net/",
                            "parameters.supportLogStorageTableEndPoint": "https://supportlogstorageaccount.table.core.windows.net/",
                            "resource_group_name": "dwto-dev-alsb01",
                            "template_body": "{\"$schema\":\"http://schema.management.azure.com/schemas/2015-01-01/deploymentTemplate.json\",\"contentVersion\":\"1.0.0.0\",\"outputs\":{\"clusterEndpoint\":{\"type\":\"string\",\"value\":\"[reference(parameters('clusterName')).clusterEndpoint]\"}},\"parameters\":{\"certificateStoreValue\":{\"allowedValues\":[\"My\"],\"defaultValue\":\"My\",\"metadata\":{\"description\":\"The store name where the cert will be deployed in the virtual machine\"},\"type\":\"String\"},\"certificateThumbprint\":{\"metadata\":{\"description\":\"Certificate Thumbprint\"},\"type\":\"String\"},\"clusterLocation\":{\"metadata\":{\"description\":\"Location of the Cluster\"},\"type\":\"String\"},\"clusterName\":{\"defaultValue\":\"Cluster\",\"metadata\":{\"description\":\"Name of your cluster - Between 3 and 23 characters. Letters and numbers only\"},\"type\":\"String\"},\"clusterProtectionLevel\":{\"allowedValues\":[\"None\",\"Sign\",\"EncryptAndSign\"],\"defaultValue\":\"EncryptAndSign\",\"metadata\":{\"description\":\"Protection level.Three values are allowed - EncryptAndSign, Sign, None. It is best to keep the default of EncryptAndSign, unless you have a need not to\"},\"type\":\"String\"},\"lbIPName\":{\"type\":\"String\"},\"nt0InstanceCount\":{\"defaultValue\":3,\"metadata\":{\"description\":\"Instance count for node type\"},\"type\":\"Int\"},\"nt0applicationEndPort\":{\"defaultValue\":30000,\"type\":\"Int\"},\"nt0applicationStartPort\":{\"defaultValue\":20000,\"type\":\"Int\"},\"nt0ephemeralEndPort\":{\"defaultValue\":65534,\"type\":\"Int\"},\"nt0ephemeralStartPort\":{\"defaultValue\":49152,\"type\":\"Int\"},\"nt0fabricHttpGatewayPort\":{\"defaultValue\":19080,\"type\":\"Int\"},\"nt0fabricTcpGatewayPort\":{\"defaultValue\":19000,\"type\":\"Int\"},\"supportLogStorageAccountName\":{\"defaultValue\":\"supportlogstorageaccount\",\"metadata\":{\"description\":\"Name for the storage account that contains support logs from the cluster\"},\"type\":\"String\"},\"supportLogStorageBlobEndPoint\":{\"type\":\"String\"},\"supportLogStorageQueueEndPoint\":{\"type\":\"String\"},\"supportLogStorageTableEndPoint\":{\"type\":\"String\"},\"vmNodeType0Name\":{\"defaultValue\":\"alapi01\",\"maxLength\":9,\"type\":\"String\"}},\"resources\":[{\"apiVersion\":\"2017-07-01-preview\",\"location\":\"[parameters('clusterLocation')]\",\"name\":\"[parameters('clusterName')]\",\"properties\":{\"addonFeatures\":[\"DnsService\"],\"certificate\":{\"thumbprint\":\"[parameters('certificateThumbprint')]\",\"x509StoreName\":\"[parameters('certificateStoreValue')]\"},\"clientCertificateCommonNames\":[],\"clientCertificateThumbprints\":[],\"clusterState\":\"Default\",\"diagnosticsStorageAccountConfig\":{\"blobEndpoint\":\"[parameters('supportLogStorageBlobEndPoint')]\",\"protectedAccountKeyName\":\"StorageAccountKey1\",\"queueEndpoint\":\"[parameters('supportLogStorageQueueEndPoint')]\",\"storageAccountName\":\"[parameters('supportLogStorageAccountName')]\",\"tableEndpoint\":\"[parameters('supportLogStorageTableEndPoint')]\"},\"fabricSettings\":[{\"name\":\"Security\",\"parameters\":[{\"name\":\"ClusterProtectionLevel\",\"value\":\"[parameters('clusterProtectionLevel')]\"}]}],\"managementEndpoint\":\"[concat('https://',parameters('lbIPName'),':',parameters('nt0fabricHttpGatewayPort'))]\",\"nodeTypes\":[{\"applicationPorts\":{\"endPort\":\"[parameters('nt0applicationEndPort')]\",\"startPort\":\"[parameters('nt0applicationStartPort')]\"},\"clientConnectionEndpointPort\":\"[parameters('nt0fabricTcpGatewayPort')]\",\"durabilityLevel\":\"Bronze\",\"ephemeralPorts\":{\"endPort\":\"[parameters('nt0ephemeralEndPort')]\",\"startPort\":\"[parameters('nt0ephemeralStartPort')]\"},\"httpGatewayEndpointPort\":\"[parameters('nt0fabricHttpGatewayPort')]\",\"isPrimary\":true,\"name\":\"[parameters('vmNodeType0Name')]\",\"vmInstanceCount\":\"[parameters('nt0InstanceCount')]\"}],\"provisioningState\":\"Default\",\"reliabilityLevel\":\"Bronze\",\"upgradeMode\":\"Automatic\",\"vmImage\":\"Windows\"},\"tags\":{\"clusterName\":\"[parameters('clusterName')]\",\"resourceType\":\"Service Fabric\"},\"type\":\"Microsoft.ServiceFabric/clusters\"}],\"variables\":{\"storageApiVersion\":\"2016-01-01\"}}"
                        },
                        "meta": {},
                        "tainted": false
                    },
                    "deposed": [],
                    "provider": "provider.azurerm"
                },
                "azurerm_virtual_machine_scale_set.vmScaleSet": {
                    "type": "azurerm_virtual_machine_scale_set",
                    "depends_on": [
                        "azurerm_key_vault.vault",
                        "azurerm_lb_backend_address_pool.lb_backend",
                        "azurerm_lb_nat_pool.LoadBalancerBEAddressNatPool.*",
                        "azurerm_resource_group.service_bus_rg",
                        "azurerm_storage_account.appdiagstrg",
                        "azurerm_storage_account.sf_storage_account01",
                        "azurerm_storage_account.sf_storage_account02",
                        "azurerm_storage_account.sf_storage_account03",
                        "azurerm_storage_account.sf_storage_account04",
                        "azurerm_storage_account.sf_storage_account05",
                        "azurerm_storage_account.supportLogStorageAccount",
                        "azurerm_storage_container.sb_storage_container",
                        "azurerm_subnet.subnet0",
                        "azurerm_template_deployment.servicefabric"
                    ],
                    "primary": {
                        "id": "/subscriptions/0d192ee3-36a5-4a48-8ae6-1ff2657061e3/resourceGroups/dwto-dev-alsb01/providers/Microsoft.Compute/virtualMachineScaleSets/alsvccl01",
                        "attributes": {
                            "extension.#": "2",
                            "extension.24681223.auto_upgrade_minor_version": "true",
                            "extension.24681223.name": "VMDiagnosticsVmExt_vmNodeType0Name",
                            "extension.24681223.protected_settings": "",
                            "extension.24681223.publisher": "Microsoft.Azure.Diagnostics",
                            "extension.24681223.settings": "{\"StorageAccount\":\"appdiagstrg\",\"WadCfg\":{\"DiagnosticMonitorConfiguration\":{\"EtwProviders\":{\"EtwEventSourceProviderConfiguration\":[{\"DefaultEvents\":{\"eventDestination\":\"ServiceFabricReliableActorEventTable\"},\"provider\":\"Microsoft-ServiceFabric-Actors\",\"scheduledTransferKeywordFilter\":\"1\",\"scheduledTransferPeriod\":\"PT5M\"},{\"DefaultEvents\":{\"eventDestination\":\"ServiceFabricReliableServiceEventTable\"},\"provider\":\"Microsoft-ServiceFabric-Services\",\"scheduledTransferPeriod\":\"PT5M\"}],\"EtwManifestProviderConfiguration\":[{\"DefaultEvents\":{\"eventDestination\":\"ServiceFabricSystemEventTable\"},\"provider\":\"cbd93bc2-71e5-4566-b3a7-595d8eeca6e8\",\"scheduledTransferKeywordFilter\":\"4611686018427387904\",\"scheduledTransferLogLevelFilter\":\"Information\",\"scheduledTransferPeriod\":\"PT5M\"}]},\"overallQuotaInMB\":\"50000\"}}}",
                            "extension.24681223.type": "IaaSDiagnostics",
                            "extension.24681223.type_handler_version": "1.5",
                            "extension.3503015065.auto_upgrade_minor_version": "true",
                            "extension.3503015065.name": "alapi01_ServiceFabricNode",
                            "extension.3503015065.protected_settings": "",
                            "extension.3503015065.publisher": "Microsoft.Azure.ServiceFabric",
                            "extension.3503015065.settings": "{\"certificate\":{\"thumbprint\":\"44AFD7785D0BE5A8DB97BBAE17959F9141A784B3\",\"x509StoreName\":\"My\"},\"clusterEndpoint\":\"https://eastus.servicefabric.azure.com/runtime/clusters/0824437c-42d8-4565-ac67-70bcfaeff788\",\"dataPath\":\"D:\\\\SvcFab\",\"durabilityLevel\":\"Bronze\",\"enableParallelJobs\":true,\"nicPrefixOverride\":\"10.0.0.0/24\",\"nodeTypeRef\":\"alapi01\"}",
                            "extension.3503015065.type": "ServiceFabricNode",
                            "extension.3503015065.type_handler_version": "1.0",
                            "id": "/subscriptions/0d192ee3-36a5-4a48-8ae6-1ff2657061e3/resourceGroups/dwto-dev-alsb01/providers/Microsoft.Compute/virtualMachineScaleSets/alsvccl01",
                            "location": "eastus",
                            "name": "alsvccl01",
                            "network_profile.#": "1",
                            "network_profile.3642758052.accelerated_networking": "false",
                            "network_profile.3642758052.ip_configuration.#": "1",
                            "network_profile.3642758052.ip_configuration.0.load_balancer_backend_address_pool_ids.#": "1",
                            "network_profile.3642758052.ip_configuration.0.load_balancer_backend_address_pool_ids.2642562790": "/subscriptions/0d192ee3-36a5-4a48-8ae6-1ff2657061e3/resourceGroups/dwto-dev-alsb01/providers/Microsoft.Network/loadBalancers/LoadBalancer/backendAddressPools/LBBEAddressPool",
                            "network_profile.3642758052.ip_configuration.0.load_balancer_inbound_nat_rules_ids.#": "1",
                            "network_profile.3642758052.ip_configuration.0.load_balancer_inbound_nat_rules_ids.3547057975": "/subscriptions/0d192ee3-36a5-4a48-8ae6-1ff2657061e3/resourceGroups/dwto-dev-alsb01/providers/Microsoft.Network/loadBalancers/LoadBalancer/inboundNatPools/LoadBalancerBEAddressNatPool",
                            "network_profile.3642758052.ip_configuration.0.name": "NIC-0",
                            "network_profile.3642758052.ip_configuration.0.primary": "false",
                            "network_profile.3642758052.ip_configuration.0.public_ip_address_configuration.#": "0",
                            "network_profile.3642758052.ip_configuration.0.subnet_id": "/subscriptions/0d192ee3-36a5-4a48-8ae6-1ff2657061e3/resourceGroups/dwto-dev-alsb01/providers/Microsoft.Network/virtualNetworks/vnet/subnets/Subnet-0",
                            "network_profile.3642758052.name": "NIC-0",
                            "network_profile.3642758052.network_security_group_id": "",
                            "network_profile.3642758052.primary": "true",
                            "os_profile.#": "1",
                            "os_profile.0.admin_password": "TopSecretPassw0rd",
                            "os_profile.0.admin_username": "octoadmin",
                            "os_profile.0.computer_name_prefix": "alapi01",
                            "os_profile.0.custom_data": "",
                            "os_profile_linux_config.#": "0",
                            "os_profile_secrets.#": "1",
                            "os_profile_secrets.1690350440.source_vault_id": "/subscriptions/0d192ee3-36a5-4a48-8ae6-1ff2657061e3/resourceGroups/dwto-dev-redis01/providers/Microsoft.KeyVault/vaults/dwto-dev-vault",
                            "os_profile_secrets.1690350440.vault_certificates.#": "1",
                            "os_profile_secrets.1690350440.vault_certificates.0.certificate_store": "My",
                            "os_profile_secrets.1690350440.vault_certificates.0.certificate_url": "https://dwto-dev-vault.vault.azure.net/secrets/wincert/65c4cd4ec2c7423eb42e8c0bda643169",
                            "os_profile_windows_config.#": "1",
                            "os_profile_windows_config.1534614206.additional_unattend_config.#": "0",
                            "os_profile_windows_config.1534614206.enable_automatic_upgrades": "false",
                            "os_profile_windows_config.1534614206.provision_vm_agent": "true",
                            "os_profile_windows_config.1534614206.winrm.#": "1",
                            "os_profile_windows_config.1534614206.winrm.0.certificate_url": "https://dwto-dev-vault.vault.azure.net/secrets/wincert/65c4cd4ec2c7423eb42e8c0bda643169",
                            "os_profile_windows_config.1534614206.winrm.0.protocol": "https",
                            "overprovision": "false",
                            "resource_group_name": "dwto-dev-alsb01",
                            "single_placement_group": "true",
                            "sku.#": "1",
                            "sku.1809260521.capacity": "3",
                            "sku.1809260521.name": "Standard_D1_v2",
                            "sku.1809260521.tier": "Standard",
                            "storage_profile_image_reference.#": "1",
                            "storage_profile_image_reference.1558898443.id": "",
                            "storage_profile_image_reference.1558898443.offer": "WindowsServer",
                            "storage_profile_image_reference.1558898443.publisher": "MicrosoftWindowsServer",
                            "storage_profile_image_reference.1558898443.sku": "2012-R2-Datacenter",
                            "storage_profile_image_reference.1558898443.version": "latest",
                            "storage_profile_os_disk.#": "1",
                            "storage_profile_os_disk.465269015.caching": "ReadOnly",
                            "storage_profile_os_disk.465269015.create_option": "FromImage",
                            "storage_profile_os_disk.465269015.image": "",
                            "storage_profile_os_disk.465269015.managed_disk_type": "",
                            "storage_profile_os_disk.465269015.name": "vmssosdisk",
                            "storage_profile_os_disk.465269015.os_type": "",
                            "storage_profile_os_disk.465269015.vhd_containers.#": "5",
                            "storage_profile_os_disk.465269015.vhd_containers.714187635": "https://sfstorageaccount04.blob.core.windows.net/vhds",
                            "storage_profile_os_disk.465269015.vhd_containers.723803758": "https://sfstorageaccount05.blob.core.windows.net/vhds",
                            "storage_profile_os_disk.465269015.vhd_containers.770943514": "https://sfstorageaccount01.blob.core.windows.net/vhds",
                            "storage_profile_os_disk.465269015.vhd_containers.781733920": "https://sfstorageaccount03.blob.core.windows.net/vhds",
                            "storage_profile_os_disk.465269015.vhd_containers.791522621": "https://sfstorageaccount02.blob.core.windows.net/vhds",
                            "tags.%": "0",
                            "upgrade_policy_mode": "Automatic"
                        },
                        "meta": {},
                        "tainted": false
                    },
                    "deposed": [],
                    "provider": "provider.azurerm"
                },
                "azurerm_virtual_network.vnet": {
                    "type": "azurerm_virtual_network",
                    "depends_on": [
                        "azurerm_resource_group.service_bus_rg"
                    ],
                    "primary": {
                        "id": "/subscriptions/0d192ee3-36a5-4a48-8ae6-1ff2657061e3/resourceGroups/dwto-dev-alsb01/providers/Microsoft.Network/virtualNetworks/vnet",
                        "attributes": {
                            "address_space.#": "1",
                            "address_space.0": "10.0.0.0/16",
                            "dns_servers.#": "0",
                            "id": "/subscriptions/0d192ee3-36a5-4a48-8ae6-1ff2657061e3/resourceGroups/dwto-dev-alsb01/providers/Microsoft.Network/virtualNetworks/vnet",
                            "location": "eastus",
                            "name": "vnet",
                            "resource_group_name": "dwto-dev-alsb01",
                            "subnet.#": "1",
                            "subnet.1921227278.address_prefix": "10.0.0.0/24",
                            "subnet.1921227278.name": "Subnet-0",
                            "subnet.1921227278.security_group": "",
                            "tags.%": "0"
                        },
                        "meta": {},
                        "tainted": false
                    },
                    "deposed": [],
                    "provider": "provider.azurerm"
                },
                "data.azurerm_client_config.current": {
                    "type": "azurerm_client_config",
                    "depends_on": [],
                    "primary": {
                        "id": "2018-01-16 18:34:22.8953419 +0000 UTC",
                        "attributes": {
                            "client_id": "2f8e9def-8945-47cd-8348-97614355c02b",
                            "id": "2018-01-16 18:34:22.8953419 +0000 UTC",
                            "service_principal_application_id": "2f8e9def-8945-47cd-8348-97614355c02b",
                            "service_principal_object_id": "697051ae-4fbc-44ae-8637-84b68f7d76ed",
                            "subscription_id": "0d192ee3-36a5-4a48-8ae6-1ff2657061e3",
                            "tenant_id": "dea2de7c-16af-4661-9413-f8253dfe9e8e"
                        },
                        "meta": {},
                        "tainted": false
                    },
                    "deposed": [],
                    "provider": "provider.azurerm"
                }
            },
            "depends_on": []
        }
    ]
}
