{
    "version": 3,
    "terraform_version": "0.11.1",
    "serial": 5,
    "lineage": "0ea2010a-dc86-4bf1-86ac-6dae1c190526",
    "modules": [
        {
            "path": [
                "root"
            ],
            "outputs": {},
            "resources": {
                "azurerm_resource_group.db_rg": {
                    "type": "azurerm_resource_group",
                    "depends_on": [],
                    "primary": {
                        "id": "/subscriptions/0d192ee3-36a5-4a48-8ae6-1ff2657061e3/resourceGroups/dwto-dev-azsql01",
                        "attributes": {
                            "id": "/subscriptions/0d192ee3-36a5-4a48-8ae6-1ff2657061e3/resourceGroups/dwto-dev-azsql01",
                            "location": "eastus",
                            "name": "dwto-dev-azsql01",
                            "tags.%": "0"
                        },
                        "meta": {},
                        "tainted": false
                    },
                    "deposed": [],
                    "provider": "provider.azurerm"
                },
                "azurerm_resource_group.searchrg": {
                    "type": "azurerm_resource_group",
                    "depends_on": [],
                    "primary": {
                        "id": "/subscriptions/0d192ee3-36a5-4a48-8ae6-1ff2657061e3/resourceGroups/dwto-dev-alsearch",
                        "attributes": {
                            "id": "/subscriptions/0d192ee3-36a5-4a48-8ae6-1ff2657061e3/resourceGroups/dwto-dev-alsearch",
                            "location": "eastus",
                            "name": "dwto-dev-alsearch",
                            "tags.%": "0"
                        },
                        "meta": {},
                        "tainted": false
                    },
                    "deposed": [],
                    "provider": "provider.azurerm"
                },
                "azurerm_search_service.search_service": {
                    "type": "azurerm_search_service",
                    "depends_on": [
                        "azurerm_resource_group.searchrg"
                    ],
                    "primary": {
                        "id": "/subscriptions/0d192ee3-36a5-4a48-8ae6-1ff2657061e3/resourceGroups/dwto-dev-alsearch/providers/Microsoft.Search/searchServices/dwto-dev-alsearch-search01",
                        "attributes": {
                            "id": "/subscriptions/0d192ee3-36a5-4a48-8ae6-1ff2657061e3/resourceGroups/dwto-dev-alsearch/providers/Microsoft.Search/searchServices/dwto-dev-alsearch-search01",
                            "location": "eastus",
                            "name": "dwto-dev-alsearch-search01",
                            "partition_count": "1",
                            "replica_count": "1",
                            "resource_group_name": "dwto-dev-alsearch",
                            "sku": "standard",
                            "tags.%": "2",
                            "tags.database": "test",
                            "tags.environment": "staging"
                        },
                        "meta": {},
                        "tainted": false
                    },
                    "deposed": [],
                    "provider": "provider.azurerm"
                },
                "azurerm_sql_database.sql_db": {
                    "type": "azurerm_sql_database",
                    "depends_on": [
                        "azurerm_resource_group.db_rg",
                        "azurerm_sql_server.sql_server"
                    ],
                    "primary": {
                        "id": "/subscriptions/0d192ee3-36a5-4a48-8ae6-1ff2657061e3/resourceGroups/dwto-dev-azsql01/providers/Microsoft.Sql/servers/dwto-dev-azsql01/databases/dwto-dev-azsql01-db01",
                        "attributes": {
                            "collation": "SQL_Latin1_General_CP1_CI_AS",
                            "create_mode": "Default",
                            "creation_date": "2017-12-21T20:47:19.837Z",
                            "default_secondary_location": "West US",
                            "edition": "Standard",
                            "elastic_pool_name": "",
                            "encryption": "",
                            "id": "/subscriptions/0d192ee3-36a5-4a48-8ae6-1ff2657061e3/resourceGroups/dwto-dev-azsql01/providers/Microsoft.Sql/servers/dwto-dev-azsql01/databases/dwto-dev-azsql01-db01",
                            "location": "eastus",
                            "max_size_bytes": "268435456000",
                            "name": "dwto-dev-azsql01-db01",
                            "requested_service_objective_id": "f1173c43-91bd-4aaa-973c-54e79e15235b",
                            "requested_service_objective_name": "S0",
                            "resource_group_name": "dwto-dev-azsql01",
                            "server_name": "dwto-dev-azsql01",
                            "tags.%": "0"
                        },
                        "meta": {},
                        "tainted": false
                    },
                    "deposed": [],
                    "provider": "provider.azurerm"
                },
                "azurerm_sql_server.sql_server": {
                    "type": "azurerm_sql_server",
                    "depends_on": [
                        "azurerm_resource_group.db_rg"
                    ],
                    "primary": {
                        "id": "/subscriptions/0d192ee3-36a5-4a48-8ae6-1ff2657061e3/resourceGroups/dwto-dev-azsql01/providers/Microsoft.Sql/servers/dwto-dev-azsql01",
                        "attributes": {
                            "administrator_login": "octoadmin",
                            "administrator_login_password": "TopSecretPassw0rd",
                            "fully_qualified_domain_name": "dwto-dev-azsql01.database.windows.net",
                            "id": "/subscriptions/0d192ee3-36a5-4a48-8ae6-1ff2657061e3/resourceGroups/dwto-dev-azsql01/providers/Microsoft.Sql/servers/dwto-dev-azsql01",
                            "location": "eastus",
                            "name": "dwto-dev-azsql01",
                            "resource_group_name": "dwto-dev-azsql01",
                            "tags.%": "0",
                            "version": "12.0"
                        },
                        "meta": {},
                        "tainted": false
                    },
                    "deposed": [],
                    "provider": "provider.azurerm"
                }
            },
            "depends_on": []
        }
    ]
}
