{
    "version": 3,
    "terraform_version": "0.11.1",
    "serial": 61,
    "lineage": "82ad42a0-fc19-471c-99c6-8a448bbe3cee",
    "modules": [
        {
            "path": [
                "root"
            ],
            "outputs": {},
            "resources": {
                "azurerm_lb.Loadbalancer": {
                    "type": "azurerm_lb",
                    "depends_on": [
                        "azurerm_public_ip.loadbalancer_publicip",
                        "azurerm_resource_group.service_bus_rg"
                    ],
                    "primary": {
                        "id": "/subscriptions/0d192ee3-36a5-4a48-8ae6-1ff2657061e3/resourceGroups/dwto-dev-alsb01/providers/Microsoft.Network/loadBalancers/LoadBalancer",
                        "attributes": {
                            "frontend_ip_configuration.#": "1",
                            "frontend_ip_configuration.0.inbound_nat_rules.#": "0",
                            "frontend_ip_configuration.0.load_balancer_rules.#": "0",
                            "frontend_ip_configuration.0.name": "LoadBalancerIP",
                            "frontend_ip_configuration.0.private_ip_address": "",
                            "frontend_ip_configuration.0.private_ip_address_allocation": "Dynamic",
                            "frontend_ip_configuration.0.public_ip_address_id": "/subscriptions/0d192ee3-36a5-4a48-8ae6-1ff2657061e3/resourceGroups/dwto-dev-alsb01/providers/Microsoft.Network/publicIPAddresses/LoadBalancerIP",
                            "frontend_ip_configuration.0.subnet_id": "",
                            "id": "/subscriptions/0d192ee3-36a5-4a48-8ae6-1ff2657061e3/resourceGroups/dwto-dev-alsb01/providers/Microsoft.Network/loadBalancers/LoadBalancer",
                            "location": "eastus",
                            "name": "LoadBalancer",
                            "resource_group_name": "dwto-dev-alsb01",
                            "tags.%": "0"
                        },
                        "meta": {},
                        "tainted": false
                    },
                    "deposed": [],
                    "provider": "provider.azurerm"
                },
                "azurerm_lb_backend_address_pool.lb_backend": {
                    "type": "azurerm_lb_backend_address_pool",
                    "depends_on": [
                        "azurerm_lb.Loadbalancer",
                        "azurerm_resource_group.service_bus_rg"
                    ],
                    "primary": {
                        "id": "/subscriptions/0d192ee3-36a5-4a48-8ae6-1ff2657061e3/resourceGroups/dwto-dev-alsb01/providers/Microsoft.Network/loadBalancers/LoadBalancer/backendAddressPools/LBBEAddressPool",
                        "attributes": {
                            "backend_ip_configurations.#": "3",
                            "backend_ip_configurations.1121338527": "/subscriptions/0d192ee3-36a5-4a48-8ae6-1ff2657061e3/resourceGroups/dwto-dev-alsb01/providers/Microsoft.Compute/virtualMachineScaleSets/vmScaleSet/virtualMachines/2/networkInterfaces/NIC-0/ipConfigurations/NIC-0",
                            "backend_ip_configurations.67400187": "/subscriptions/0d192ee3-36a5-4a48-8ae6-1ff2657061e3/resourceGroups/dwto-dev-alsb01/providers/Microsoft.Compute/virtualMachineScaleSets/vmScaleSet/virtualMachines/1/networkInterfaces/NIC-0/ipConfigurations/NIC-0",
                            "backend_ip_configurations.968203559": "/subscriptions/0d192ee3-36a5-4a48-8ae6-1ff2657061e3/resourceGroups/dwto-dev-alsb01/providers/Microsoft.Compute/virtualMachineScaleSets/vmScaleSet/virtualMachines/0/networkInterfaces/NIC-0/ipConfigurations/NIC-0",
                            "id": "/subscriptions/0d192ee3-36a5-4a48-8ae6-1ff2657061e3/resourceGroups/dwto-dev-alsb01/providers/Microsoft.Network/loadBalancers/LoadBalancer/backendAddressPools/LBBEAddressPool",
                            "load_balancing_rules.#": "0",
                            "loadbalancer_id": "/subscriptions/0d192ee3-36a5-4a48-8ae6-1ff2657061e3/resourceGroups/dwto-dev-alsb01/providers/Microsoft.Network/loadBalancers/LoadBalancer",
                            "name": "LBBEAddressPool",
                            "resource_group_name": "dwto-dev-alsb01"
                        },
                        "meta": {},
                        "tainted": false
                    },
                    "deposed": [],
                    "provider": "provider.azurerm"
                },
                "azurerm_lb_nat_pool.LoadBalancerBEAddressNatPool": {
                    "type": "azurerm_lb_nat_pool",
                    "depends_on": [
                        "azurerm_lb.Loadbalancer",
                        "azurerm_resource_group.service_bus_rg"
                    ],
                    "primary": {
                        "id": "/subscriptions/0d192ee3-36a5-4a48-8ae6-1ff2657061e3/resourceGroups/dwto-dev-alsb01/providers/Microsoft.Network/loadBalancers/LoadBalancer/inboundNatPools/LoadBalancerBEAddressNatPool",
                        "attributes": {
                            "backend_port": "3389",
                            "frontend_ip_configuration_id": "/subscriptions/0d192ee3-36a5-4a48-8ae6-1ff2657061e3/resourceGroups/dwto-dev-alsb01/providers/Microsoft.Network/loadBalancers/LoadBalancer/frontendIPConfigurations/LoadBalancerIP",
                            "frontend_ip_configuration_name": "LoadBalancerIP",
                            "frontend_port_end": "4500",
                            "frontend_port_start": "3389",
                            "id": "/subscriptions/0d192ee3-36a5-4a48-8ae6-1ff2657061e3/resourceGroups/dwto-dev-alsb01/providers/Microsoft.Network/loadBalancers/LoadBalancer/inboundNatPools/LoadBalancerBEAddressNatPool",
                            "loadbalancer_id": "/subscriptions/0d192ee3-36a5-4a48-8ae6-1ff2657061e3/resourceGroups/dwto-dev-alsb01/providers/Microsoft.Network/loadBalancers/LoadBalancer",
                            "name": "LoadBalancerBEAddressNatPool",
                            "protocol": "Tcp",
                            "resource_group_name": "dwto-dev-alsb01"
                        },
                        "meta": {},
                        "tainted": false
                    },
                    "deposed": [],
                    "provider": "provider.azurerm"
                },
                "azurerm_public_ip.loadbalancer_publicip": {
                    "type": "azurerm_public_ip",
                    "depends_on": [
                        "azurerm_resource_group.service_bus_rg"
                    ],
                    "primary": {
                        "id": "/subscriptions/0d192ee3-36a5-4a48-8ae6-1ff2657061e3/resourceGroups/dwto-dev-alsb01/providers/Microsoft.Network/publicIPAddresses/LoadBalancerIP",
                        "attributes": {
                            "domain_name_label": "dwto-dev-alsb01",
                            "fqdn": "dwto-dev-alsb01.eastus.cloudapp.azure.com",
                            "id": "/subscriptions/0d192ee3-36a5-4a48-8ae6-1ff2657061e3/resourceGroups/dwto-dev-alsb01/providers/Microsoft.Network/publicIPAddresses/LoadBalancerIP",
                            "ip_address": "13.82.31.238",
                            "location": "eastus",
                            "name": "LoadBalancerIP",
                            "public_ip_address_allocation": "static",
                            "resource_group_name": "dwto-dev-alsb01",
                            "tags.%": "0"
                        },
                        "meta": {},
                        "tainted": false
                    },
                    "deposed": [],
                    "provider": "provider.azurerm"
                },
                "azurerm_resource_group.service_bus_rg": {
                    "type": "azurerm_resource_group",
                    "depends_on": [],
                    "primary": {
                        "id": "/subscriptions/0d192ee3-36a5-4a48-8ae6-1ff2657061e3/resourceGroups/dwto-dev-alsb01",
                        "attributes": {
                            "id": "/subscriptions/0d192ee3-36a5-4a48-8ae6-1ff2657061e3/resourceGroups/dwto-dev-alsb01",
                            "location": "eastus",
                            "name": "dwto-dev-alsb01",
                            "tags.%": "0"
                        },
                        "meta": {},
                        "tainted": false
                    },
                    "deposed": [],
                    "provider": "provider.azurerm"
                },
                "azurerm_storage_account.sf_storage_account01": {
                    "type": "azurerm_storage_account",
                    "depends_on": [
                        "azurerm_resource_group.service_bus_rg"
                    ],
                    "primary": {
                        "id": "/subscriptions/0d192ee3-36a5-4a48-8ae6-1ff2657061e3/resourceGroups/dwto-dev-alsb01/providers/Microsoft.Storage/storageAccounts/sfstorageaccount01",
                        "attributes": {
                            "access_tier": "",
                            "account_encryption_source": "Microsoft.Storage",
                            "account_kind": "Storage",
                            "account_replication_type": "LRS",
                            "account_tier": "Standard",
                            "account_type": "Standard_LRS",
                            "enable_blob_encryption": "true",
                            "enable_file_encryption": "true",
                            "enable_https_traffic_only": "false",
                            "id": "/subscriptions/0d192ee3-36a5-4a48-8ae6-1ff2657061e3/resourceGroups/dwto-dev-alsb01/providers/Microsoft.Storage/storageAccounts/sfstorageaccount01",
                            "location": "eastus",
                            "name": "sfstorageaccount01",
                            "primary_access_key": "mXSYOZ+mrkXAL21zCaBI3Yq/ZKL1nINxCjPcOJskHLPTrbZzkA85derhS8+NbWKPMAe1iFM1HvNsDOxKDKJm9w==",
                            "primary_blob_connection_string": "DefaultEndpointsProtocol=https;BlobEndpoint=https://sfstorageaccount01.blob.core.windows.net/;AccountName=sfstorageaccount01;AccountKey=mXSYOZ+mrkXAL21zCaBI3Yq/ZKL1nINxCjPcOJskHLPTrbZzkA85derhS8+NbWKPMAe1iFM1HvNsDOxKDKJm9w==",
                            "primary_blob_endpoint": "https://sfstorageaccount01.blob.core.windows.net/",
                            "primary_file_endpoint": "https://sfstorageaccount01.file.core.windows.net/",
                            "primary_location": "eastus",
                            "primary_queue_endpoint": "https://sfstorageaccount01.queue.core.windows.net/",
                            "primary_table_endpoint": "https://sfstorageaccount01.table.core.windows.net/",
                            "resource_group_name": "dwto-dev-alsb01",
                            "secondary_access_key": "QrpX9Z9cQ1msK8qnf48YTBYC3ZwYJNwDdEfJ+KPgqCBs66C+JedDdIjuorGgO3SUL/6L8YJ2gTh6Xs8ABmlGhw==",
                            "secondary_location": "",
                            "tags.%": "0"
                        },
                        "meta": {
                            "schema_version": "2"
                        },
                        "tainted": false
                    },
                    "deposed": [],
                    "provider": "provider.azurerm"
                },
                "azurerm_storage_account.sf_storage_account04": {
                    "type": "azurerm_storage_account",
                    "depends_on": [
                        "azurerm_resource_group.service_bus_rg"
                    ],
                    "primary": {
                        "id": "/subscriptions/0d192ee3-36a5-4a48-8ae6-1ff2657061e3/resourceGroups/dwto-dev-alsb01/providers/Microsoft.Storage/storageAccounts/sfstorageaccount04",
                        "attributes": {
                            "access_tier": "",
                            "account_encryption_source": "Microsoft.Storage",
                            "account_kind": "Storage",
                            "account_replication_type": "LRS",
                            "account_tier": "Standard",
                            "account_type": "Standard_LRS",
                            "enable_blob_encryption": "true",
                            "enable_file_encryption": "true",
                            "enable_https_traffic_only": "false",
                            "id": "/subscriptions/0d192ee3-36a5-4a48-8ae6-1ff2657061e3/resourceGroups/dwto-dev-alsb01/providers/Microsoft.Storage/storageAccounts/sfstorageaccount04",
                            "location": "eastus",
                            "name": "sfstorageaccount04",
                            "primary_access_key": "vkDXYrtB+azmd9faQ13bH0fyEnMLSO55hwhZFbuQxttdEbpUlNiyu5V2hwDgXQAKpb9QJVxQtgEBDVi9wGYvVA==",
                            "primary_blob_connection_string": "DefaultEndpointsProtocol=https;BlobEndpoint=https://sfstorageaccount04.blob.core.windows.net/;AccountName=sfstorageaccount04;AccountKey=vkDXYrtB+azmd9faQ13bH0fyEnMLSO55hwhZFbuQxttdEbpUlNiyu5V2hwDgXQAKpb9QJVxQtgEBDVi9wGYvVA==",
                            "primary_blob_endpoint": "https://sfstorageaccount04.blob.core.windows.net/",
                            "primary_file_endpoint": "https://sfstorageaccount04.file.core.windows.net/",
                            "primary_location": "eastus",
                            "primary_queue_endpoint": "https://sfstorageaccount04.queue.core.windows.net/",
                            "primary_table_endpoint": "https://sfstorageaccount04.table.core.windows.net/",
                            "resource_group_name": "dwto-dev-alsb01",
                            "secondary_access_key": "Rqe9KlObbtGm6dH6rqAX4I0nZvE2E6oYPalQChpTTk2wMVuJTxJhdQFJOy+Z0RL2jtj6qyvaVXjNjyfkQ0cZUg==",
                            "secondary_location": "",
                            "tags.%": "0"
                        },
                        "meta": {
                            "schema_version": "2"
                        },
                        "tainted": false
                    },
                    "deposed": [],
                    "provider": "provider.azurerm"
                },
                "azurerm_storage_account.sf_storage_account05": {
                    "type": "azurerm_storage_account",
                    "depends_on": [
                        "azurerm_resource_group.service_bus_rg"
                    ],
                    "primary": {
                        "id": "/subscriptions/0d192ee3-36a5-4a48-8ae6-1ff2657061e3/resourceGroups/dwto-dev-alsb01/providers/Microsoft.Storage/storageAccounts/sfstorageaccount05",
                        "attributes": {
                            "access_tier": "",
                            "account_encryption_source": "Microsoft.Storage",
                            "account_kind": "Storage",
                            "account_replication_type": "LRS",
                            "account_tier": "Standard",
                            "account_type": "Standard_LRS",
                            "enable_blob_encryption": "true",
                            "enable_file_encryption": "true",
                            "enable_https_traffic_only": "false",
                            "id": "/subscriptions/0d192ee3-36a5-4a48-8ae6-1ff2657061e3/resourceGroups/dwto-dev-alsb01/providers/Microsoft.Storage/storageAccounts/sfstorageaccount05",
                            "location": "eastus",
                            "name": "sfstorageaccount05",
                            "primary_access_key": "ICBzeLlwVTgmmLlA78VdG2eqzc5VTzNlxfxCpuOy1ELG8JxTyf/mnBif84MzQGfiED0MBMUgIk5MjhxUOdWXSg==",
                            "primary_blob_connection_string": "DefaultEndpointsProtocol=https;BlobEndpoint=https://sfstorageaccount05.blob.core.windows.net/;AccountName=sfstorageaccount05;AccountKey=ICBzeLlwVTgmmLlA78VdG2eqzc5VTzNlxfxCpuOy1ELG8JxTyf/mnBif84MzQGfiED0MBMUgIk5MjhxUOdWXSg==",
                            "primary_blob_endpoint": "https://sfstorageaccount05.blob.core.windows.net/",
                            "primary_file_endpoint": "https://sfstorageaccount05.file.core.windows.net/",
                            "primary_location": "eastus",
                            "primary_queue_endpoint": "https://sfstorageaccount05.queue.core.windows.net/",
                            "primary_table_endpoint": "https://sfstorageaccount05.table.core.windows.net/",
                            "resource_group_name": "dwto-dev-alsb01",
                            "secondary_access_key": "OYek4shoWgCcSZ3OZbiL1fx+oQV3KHq6OLMy5VAWz1+SfcgfHASFJ2Y/8Mf1IPqe+B42V2EJ3VAgcf5I2lKu7Q==",
                            "secondary_location": "",
                            "tags.%": "0"
                        },
                        "meta": {
                            "schema_version": "2"
                        },
                        "tainted": false
                    },
                    "deposed": [],
                    "provider": "provider.azurerm"
                },
                "azurerm_subnet.subnet0": {
                    "type": "azurerm_subnet",
                    "depends_on": [
                        "azurerm_resource_group.service_bus_rg",
                        "azurerm_virtual_network.vnet"
                    ],
                    "primary": {
                        "id": "/subscriptions/0d192ee3-36a5-4a48-8ae6-1ff2657061e3/resourceGroups/dwto-dev-alsb01/providers/Microsoft.Network/virtualNetworks/vnet/subnets/Subnet-0",
                        "attributes": {
                            "address_prefix": "10.0.0.0/24",
                            "id": "/subscriptions/0d192ee3-36a5-4a48-8ae6-1ff2657061e3/resourceGroups/dwto-dev-alsb01/providers/Microsoft.Network/virtualNetworks/vnet/subnets/Subnet-0",
                            "ip_configurations.#": "3",
                            "ip_configurations.1121338527": "/subscriptions/0d192ee3-36a5-4a48-8ae6-1ff2657061e3/resourceGroups/dwto-dev-alsb01/providers/Microsoft.Compute/virtualMachineScaleSets/vmScaleSet/virtualMachines/2/networkInterfaces/NIC-0/ipConfigurations/NIC-0",
                            "ip_configurations.67400187": "/subscriptions/0d192ee3-36a5-4a48-8ae6-1ff2657061e3/resourceGroups/dwto-dev-alsb01/providers/Microsoft.Compute/virtualMachineScaleSets/vmScaleSet/virtualMachines/1/networkInterfaces/NIC-0/ipConfigurations/NIC-0",
                            "ip_configurations.968203559": "/subscriptions/0d192ee3-36a5-4a48-8ae6-1ff2657061e3/resourceGroups/dwto-dev-alsb01/providers/Microsoft.Compute/virtualMachineScaleSets/vmScaleSet/virtualMachines/0/networkInterfaces/NIC-0/ipConfigurations/NIC-0",
                            "name": "Subnet-0",
                            "resource_group_name": "dwto-dev-alsb01",
                            "virtual_network_name": "vnet"
                        },
                        "meta": {},
                        "tainted": false
                    },
                    "deposed": [],
                    "provider": "provider.azurerm"
                },
                "azurerm_virtual_network.vnet": {
                    "type": "azurerm_virtual_network",
                    "depends_on": [
                        "azurerm_resource_group.service_bus_rg"
                    ],
                    "primary": {
                        "id": "/subscriptions/0d192ee3-36a5-4a48-8ae6-1ff2657061e3/resourceGroups/dwto-dev-alsb01/providers/Microsoft.Network/virtualNetworks/vnet",
                        "attributes": {
                            "address_space.#": "1",
                            "address_space.0": "10.0.0.0/16",
                            "dns_servers.#": "0",
                            "id": "/subscriptions/0d192ee3-36a5-4a48-8ae6-1ff2657061e3/resourceGroups/dwto-dev-alsb01/providers/Microsoft.Network/virtualNetworks/vnet",
                            "location": "eastus",
                            "name": "vnet",
                            "resource_group_name": "dwto-dev-alsb01",
                            "subnet.#": "1",
                            "subnet.1921227278.address_prefix": "10.0.0.0/24",
                            "subnet.1921227278.name": "Subnet-0",
                            "subnet.1921227278.security_group": "",
                            "tags.%": "0"
                        },
                        "meta": {},
                        "tainted": false
                    },
                    "deposed": [],
                    "provider": "provider.azurerm"
                }
            },
            "depends_on": []
        }
    ]
}
