{
    "version": 3,
    "terraform_version": "0.11.1",
    "serial": 3,
    "lineage": "33dbb820-d44e-4c92-a96a-12213f115c17",
    "modules": [
        {
            "path": [
                "root"
            ],
            "outputs": {
                "certificate_thumbprint": {
                    "sensitive": false,
                    "type": "string",
                    "value": ""
                },
                "certificate_version": {
                    "sensitive": false,
                    "type": "string",
                    "value": ""
                },
                "vault_id": {
                    "sensitive": false,
                    "type": "string",
                    "value": "/subscriptions/0d192ee3-36a5-4a48-8ae6-1ff2657061e3/resourceGroups/dwto-dev-redis01/providers/Microsoft.KeyVault/vaults/dwto-dev-vault"
                },
                "vault_uri": {
                    "sensitive": false,
                    "type": "string",
                    "value": "https://dwto-dev-vault.vault.azure.net/"
                }
            },
            "resources": {},
            "depends_on": []
        },
        {
            "path": [
                "root",
                "cdn"
            ],
            "outputs": {},
            "resources": {
                "azurerm_cdn_endpoint.cdn_endpoint": {
                    "type": "azurerm_cdn_endpoint",
                    "depends_on": [
                        "azurerm_cdn_profile.cdn_profile",
                        "azurerm_resource_group.cdn_rg"
                    ],
                    "primary": {
                        "id": "/subscriptions/0d192ee3-36a5-4a48-8ae6-1ff2657061e3/resourcegroups/dwtodevcdn01/providers/Microsoft.Cdn/profiles/dwtodevcdn01/endpoints/dwtodevcdn01",
                        "attributes": {
                            "content_types_to_compress.#": "0",
                            "host_name": "dwtodevcdn01.azureedge.net",
                            "id": "/subscriptions/0d192ee3-36a5-4a48-8ae6-1ff2657061e3/resourcegroups/dwtodevcdn01/providers/Microsoft.Cdn/profiles/dwtodevcdn01/endpoints/dwtodevcdn01",
                            "is_compression_enabled": "false",
                            "is_http_allowed": "true",
                            "is_https_allowed": "true",
                            "location": "eastus",
                            "name": "dwtodevcdn01",
                            "origin.#": "1",
                            "origin.971670045.host_name": "dwtodevcdn01.blob.core.windows.net",
                            "origin.971670045.http_port": "80",
                            "origin.971670045.https_port": "443",
                            "origin.971670045.name": "dwtodevcdn01-blob-core-windows-net",
                            "origin_host_header": "dwtodevcdn01.blob.core.windows.net",
                            "origin_path": "/cdn",
                            "profile_name": "dwtodevcdn01",
                            "querystring_caching_behaviour": "IgnoreQueryString",
                            "resource_group_name": "dwtodevcdn01",
                            "tags.%": "0"
                        },
                        "meta": {},
                        "tainted": false
                    },
                    "deposed": [],
                    "provider": "provider.azurerm"
                },
                "azurerm_cdn_profile.cdn_profile": {
                    "type": "azurerm_cdn_profile",
                    "depends_on": [
                        "azurerm_resource_group.cdn_rg"
                    ],
                    "primary": {
                        "id": "/subscriptions/0d192ee3-36a5-4a48-8ae6-1ff2657061e3/resourcegroups/dwtodevcdn01/providers/Microsoft.Cdn/profiles/dwtodevcdn01",
                        "attributes": {
                            "id": "/subscriptions/0d192ee3-36a5-4a48-8ae6-1ff2657061e3/resourcegroups/dwtodevcdn01/providers/Microsoft.Cdn/profiles/dwtodevcdn01",
                            "location": "eastus",
                            "name": "dwtodevcdn01",
                            "resource_group_name": "dwtodevcdn01",
                            "sku": "Standard_Verizon",
                            "tags.%": "0"
                        },
                        "meta": {},
                        "tainted": false
                    },
                    "deposed": [],
                    "provider": "provider.azurerm"
                },
                "azurerm_resource_group.cdn_rg": {
                    "type": "azurerm_resource_group",
                    "depends_on": [],
                    "primary": {
                        "id": "/subscriptions/0d192ee3-36a5-4a48-8ae6-1ff2657061e3/resourceGroups/dwtodevcdn01",
                        "attributes": {
                            "id": "/subscriptions/0d192ee3-36a5-4a48-8ae6-1ff2657061e3/resourceGroups/dwtodevcdn01",
                            "location": "eastus",
                            "name": "dwtodevcdn01",
                            "tags.%": "0"
                        },
                        "meta": {},
                        "tainted": false
                    },
                    "deposed": [],
                    "provider": "provider.azurerm"
                },
                "azurerm_storage_account.cdn_storage_account": {
                    "type": "azurerm_storage_account",
                    "depends_on": [
                        "azurerm_resource_group.cdn_rg"
                    ],
                    "primary": {
                        "id": "/subscriptions/0d192ee3-36a5-4a48-8ae6-1ff2657061e3/resourceGroups/dwtodevcdn01/providers/Microsoft.Storage/storageAccounts/dwtodevcdn01",
                        "attributes": {
                            "access_tier": "",
                            "account_encryption_source": "Microsoft.Storage",
                            "account_kind": "Storage",
                            "account_replication_type": "ZRS",
                            "account_tier": "Standard",
                            "account_type": "Standard_ZRS",
                            "enable_blob_encryption": "true",
                            "enable_file_encryption": "true",
                            "enable_https_traffic_only": "true",
                            "id": "/subscriptions/0d192ee3-36a5-4a48-8ae6-1ff2657061e3/resourceGroups/dwtodevcdn01/providers/Microsoft.Storage/storageAccounts/dwtodevcdn01",
                            "location": "eastus",
                            "name": "dwtodevcdn01",
                            "primary_access_key": "RdE6HLdSfMFKPw6MVyMe+vyOXkTI5mLjfL3MYnfqoTrz8AGWpNcdNAX6HAyMsNSg0jl9eqScf39Vh8KYUpo9dQ==",
                            "primary_blob_connection_string": "DefaultEndpointsProtocol=https;BlobEndpoint=https://dwtodevcdn01.blob.core.windows.net/;AccountName=dwtodevcdn01;AccountKey=RdE6HLdSfMFKPw6MVyMe+vyOXkTI5mLjfL3MYnfqoTrz8AGWpNcdNAX6HAyMsNSg0jl9eqScf39Vh8KYUpo9dQ==",
                            "primary_blob_endpoint": "https://dwtodevcdn01.blob.core.windows.net/",
                            "primary_connection_string": "DefaultEndpointsProtocol=https;AccountName=dwtodevcdn01;AccountKey=RdE6HLdSfMFKPw6MVyMe+vyOXkTI5mLjfL3MYnfqoTrz8AGWpNcdNAX6HAyMsNSg0jl9eqScf39Vh8KYUpo9dQ==;EndpointSuffix=core.windows.net",
                            "primary_file_endpoint": "",
                            "primary_location": "eastus",
                            "primary_queue_endpoint": "",
                            "primary_table_endpoint": "",
                            "resource_group_name": "dwtodevcdn01",
                            "secondary_access_key": "SSQd7e9gIs5leC4LqyylxNjTplsKRPR6XyHx6ZvJ2clJeOntTtImGztskn/xZL/gRFh2b/P26fjw9PIGLDpGNA==",
                            "secondary_connection_string": "DefaultEndpointsProtocol=https;AccountName=dwtodevcdn01;AccountKey=SSQd7e9gIs5leC4LqyylxNjTplsKRPR6XyHx6ZvJ2clJeOntTtImGztskn/xZL/gRFh2b/P26fjw9PIGLDpGNA==;EndpointSuffix=core.windows.net",
                            "secondary_location": "",
                            "tags.%": "0"
                        },
                        "meta": {
                            "schema_version": "2"
                        },
                        "tainted": false
                    },
                    "deposed": [],
                    "provider": "provider.azurerm"
                }
            },
            "depends_on": []
        },
        {
            "path": [
                "root",
                "redis"
            ],
            "outputs": {
                "certificate_thumbprint": {
                    "sensitive": false,
                    "type": "string",
                    "value": ""
                },
                "certificate_version": {
                    "sensitive": false,
                    "type": "string",
                    "value": ""
                },
                "vault_id": {
                    "sensitive": false,
                    "type": "string",
                    "value": "/subscriptions/0d192ee3-36a5-4a48-8ae6-1ff2657061e3/resourceGroups/dwto-dev-redis01/providers/Microsoft.KeyVault/vaults/dwto-dev-vault"
                },
                "vault_uri": {
                    "sensitive": false,
                    "type": "string",
                    "value": "https://dwto-dev-vault.vault.azure.net/"
                }
            },
            "resources": {
                "azurerm_application_insights.insights": {
                    "type": "azurerm_application_insights",
                    "depends_on": [
                        "azurerm_resource_group.redis_rg"
                    ],
                    "primary": {
                        "id": "/subscriptions/0d192ee3-36a5-4a48-8ae6-1ff2657061e3/resourceGroups/dwto-dev-redis01/providers/microsoft.insights/components/Alliance Dev Insights",
                        "attributes": {
                            "app_id": "c9725def-164f-4c52-884d-c201e35ac347",
                            "application_type": "Web",
                            "id": "/subscriptions/0d192ee3-36a5-4a48-8ae6-1ff2657061e3/resourceGroups/dwto-dev-redis01/providers/microsoft.insights/components/Alliance Dev Insights",
                            "instrumentation_key": "b22bcb6c-b5f4-4c71-9272-15e9908ba028",
                            "location": "eastus",
                            "name": "Alliance Dev Insights",
                            "resource_group_name": "dwto-dev-redis01",
                            "tags.%": "0"
                        },
                        "meta": {},
                        "tainted": false
                    },
                    "deposed": [],
                    "provider": "provider.azurerm"
                },
                "azurerm_key_vault.vault": {
                    "type": "azurerm_key_vault",
                    "depends_on": [
                        "azurerm_resource_group.redis_rg",
                        "data.azurerm_client_config.current"
                    ],
                    "primary": {
                        "id": "/subscriptions/0d192ee3-36a5-4a48-8ae6-1ff2657061e3/resourceGroups/dwto-dev-redis01/providers/Microsoft.KeyVault/vaults/dwto-dev-vault",
                        "attributes": {
                            "access_policy.#": "2",
                            "access_policy.0.application_id": "",
                            "access_policy.0.certificate_permissions.#": "12",
                            "access_policy.0.certificate_permissions.0": "create",
                            "access_policy.0.certificate_permissions.1": "delete",
                            "access_policy.0.certificate_permissions.10": "setissuers",
                            "access_policy.0.certificate_permissions.11": "update",
                            "access_policy.0.certificate_permissions.2": "deleteissuers",
                            "access_policy.0.certificate_permissions.3": "get",
                            "access_policy.0.certificate_permissions.4": "getissuers",
                            "access_policy.0.certificate_permissions.5": "import",
                            "access_policy.0.certificate_permissions.6": "list",
                            "access_policy.0.certificate_permissions.7": "listissuers",
                            "access_policy.0.certificate_permissions.8": "managecontacts",
                            "access_policy.0.certificate_permissions.9": "manageissuers",
                            "access_policy.0.key_permissions.#": "15",
                            "access_policy.0.key_permissions.0": "get",
                            "access_policy.0.key_permissions.1": "list",
                            "access_policy.0.key_permissions.10": "encrypt",
                            "access_policy.0.key_permissions.11": "unwrapKey",
                            "access_policy.0.key_permissions.12": "wrapKey",
                            "access_policy.0.key_permissions.13": "verify",
                            "access_policy.0.key_permissions.14": "sign",
                            "access_policy.0.key_permissions.2": "update",
                            "access_policy.0.key_permissions.3": "create",
                            "access_policy.0.key_permissions.4": "import",
                            "access_policy.0.key_permissions.5": "delete",
                            "access_policy.0.key_permissions.6": "recover",
                            "access_policy.0.key_permissions.7": "backup",
                            "access_policy.0.key_permissions.8": "restore",
                            "access_policy.0.key_permissions.9": "decrypt",
                            "access_policy.0.object_id": "697051ae-4fbc-44ae-8637-84b68f7d76ed",
                            "access_policy.0.secret_permissions.#": "7",
                            "access_policy.0.secret_permissions.0": "get",
                            "access_policy.0.secret_permissions.1": "list",
                            "access_policy.0.secret_permissions.2": "set",
                            "access_policy.0.secret_permissions.3": "delete",
                            "access_policy.0.secret_permissions.4": "recover",
                            "access_policy.0.secret_permissions.5": "backup",
                            "access_policy.0.secret_permissions.6": "restore",
                            "access_policy.0.tenant_id": "dea2de7c-16af-4661-9413-f8253dfe9e8e",
                            "access_policy.1.application_id": "",
                            "access_policy.1.certificate_permissions.#": "12",
                            "access_policy.1.certificate_permissions.0": "create",
                            "access_policy.1.certificate_permissions.1": "delete",
                            "access_policy.1.certificate_permissions.10": "setissuers",
                            "access_policy.1.certificate_permissions.11": "update",
                            "access_policy.1.certificate_permissions.2": "deleteissuers",
                            "access_policy.1.certificate_permissions.3": "get",
                            "access_policy.1.certificate_permissions.4": "getissuers",
                            "access_policy.1.certificate_permissions.5": "import",
                            "access_policy.1.certificate_permissions.6": "list",
                            "access_policy.1.certificate_permissions.7": "listissuers",
                            "access_policy.1.certificate_permissions.8": "managecontacts",
                            "access_policy.1.certificate_permissions.9": "manageissuers",
                            "access_policy.1.key_permissions.#": "15",
                            "access_policy.1.key_permissions.0": "get",
                            "access_policy.1.key_permissions.1": "list",
                            "access_policy.1.key_permissions.10": "encrypt",
                            "access_policy.1.key_permissions.11": "unwrapKey",
                            "access_policy.1.key_permissions.12": "wrapKey",
                            "access_policy.1.key_permissions.13": "verify",
                            "access_policy.1.key_permissions.14": "sign",
                            "access_policy.1.key_permissions.2": "update",
                            "access_policy.1.key_permissions.3": "create",
                            "access_policy.1.key_permissions.4": "import",
                            "access_policy.1.key_permissions.5": "delete",
                            "access_policy.1.key_permissions.6": "recover",
                            "access_policy.1.key_permissions.7": "backup",
                            "access_policy.1.key_permissions.8": "restore",
                            "access_policy.1.key_permissions.9": "decrypt",
                            "access_policy.1.object_id": "4e0e0c2f-9230-41a4-b606-4bd64c62cb9b",
                            "access_policy.1.secret_permissions.#": "7",
                            "access_policy.1.secret_permissions.0": "get",
                            "access_policy.1.secret_permissions.1": "list",
                            "access_policy.1.secret_permissions.2": "set",
                            "access_policy.1.secret_permissions.3": "delete",
                            "access_policy.1.secret_permissions.4": "recover",
                            "access_policy.1.secret_permissions.5": "backup",
                            "access_policy.1.secret_permissions.6": "restore",
                            "access_policy.1.tenant_id": "dea2de7c-16af-4661-9413-f8253dfe9e8e",
                            "enabled_for_deployment": "true",
                            "enabled_for_disk_encryption": "true",
                            "enabled_for_template_deployment": "true",
                            "id": "/subscriptions/0d192ee3-36a5-4a48-8ae6-1ff2657061e3/resourceGroups/dwto-dev-redis01/providers/Microsoft.KeyVault/vaults/dwto-dev-vault",
                            "location": "eastus",
                            "name": "dwto-dev-vault",
                            "resource_group_name": "dwto-dev-redis01",
                            "sku.#": "1",
                            "sku.0.name": "standard",
                            "tags.%": "0",
                            "tenant_id": "dea2de7c-16af-4661-9413-f8253dfe9e8e",
                            "vault_uri": "https://dwto-dev-vault.vault.azure.net/"
                        },
                        "meta": {
                            "schema_version": "1"
                        },
                        "tainted": false
                    },
                    "deposed": [],
                    "provider": "provider.azurerm"
                },
                "azurerm_key_vault_certificate.wincert": {
                    "type": "azurerm_key_vault_certificate",
                    "depends_on": [
                        "azurerm_key_vault.vault"
                    ],
                    "primary": {
                        "id": "https://dwto-dev-vault.vault.azure.net/certificates/wincert/f5901a7679684d36bd3383368be02149",
                        "attributes": {
                            "certificate_policy.#": "1",
                            "certificate_policy.0.issuer_parameters.#": "1",
                            "certificate_policy.0.issuer_parameters.0.name": "Self",
                            "certificate_policy.0.key_properties.#": "1",
                            "certificate_policy.0.key_properties.0.exportable": "true",
                            "certificate_policy.0.key_properties.0.key_size": "2048",
                            "certificate_policy.0.key_properties.0.key_type": "RSA",
                            "certificate_policy.0.key_properties.0.reuse_key": "true",
                            "certificate_policy.0.lifetime_action.#": "1",
                            "certificate_policy.0.lifetime_action.0.action.#": "1",
                            "certificate_policy.0.lifetime_action.0.action.0.action_type": "AutoRenew",
                            "certificate_policy.0.lifetime_action.0.trigger.#": "1",
                            "certificate_policy.0.lifetime_action.0.trigger.0.days_before_expiry": "30",
                            "certificate_policy.0.lifetime_action.0.trigger.0.lifetime_percentage": "0",
                            "certificate_policy.0.secret_properties.#": "1",
                            "certificate_policy.0.secret_properties.0.content_type": "application/x-pkcs12",
                            "certificate_policy.0.x509_certificate_properties.#": "1",
                            "certificate_policy.0.x509_certificate_properties.0.key_usage.#": "6",
                            "certificate_policy.0.x509_certificate_properties.0.key_usage.0": "cRLSign",
                            "certificate_policy.0.x509_certificate_properties.0.key_usage.1": "dataEncipherment",
                            "certificate_policy.0.x509_certificate_properties.0.key_usage.2": "digitalSignature",
                            "certificate_policy.0.x509_certificate_properties.0.key_usage.3": "keyAgreement",
                            "certificate_policy.0.x509_certificate_properties.0.key_usage.4": "keyCertSign",
                            "certificate_policy.0.x509_certificate_properties.0.key_usage.5": "keyEncipherment",
                            "certificate_policy.0.x509_certificate_properties.0.subject": "CN=My",
                            "certificate_policy.0.x509_certificate_properties.0.validity_in_months": "12",
                            "id": "https://dwto-dev-vault.vault.azure.net/certificates/wincert/f5901a7679684d36bd3383368be02149",
                            "name": "wincert",
                            "tags.%": "0",
                            "vault_uri": "https://dwto-dev-vault.vault.azure.net/",
                            "version": "f5901a7679684d36bd3383368be02149"
                        },
                        "meta": {},
                        "tainted": false
                    },
                    "deposed": [],
                    "provider": "provider.azurerm"
                },
                "azurerm_redis_cache.redis": {
                    "type": "azurerm_redis_cache",
                    "depends_on": [
                        "azurerm_resource_group.redis_rg"
                    ],
                    "primary": {
                        "id": "/subscriptions/0d192ee3-36a5-4a48-8ae6-1ff2657061e3/resourceGroups/dwto-dev-redis01/providers/Microsoft.Cache/Redis/dwto-dev",
                        "attributes": {
                            "capacity": "1",
                            "enable_non_ssl_port": "false",
                            "family": "C",
                            "hostname": "dwto-dev.redis.cache.windows.net",
                            "id": "/subscriptions/0d192ee3-36a5-4a48-8ae6-1ff2657061e3/resourceGroups/dwto-dev-redis01/providers/Microsoft.Cache/Redis/dwto-dev",
                            "location": "eastus",
                            "name": "dwto-dev",
                            "port": "6379",
                            "primary_access_key": "DCTTF2ZO+36dGV5hWS7q0UKo3N44xm7P1u1ZdlMt7Yk=",
                            "redis_configuration.#": "1",
                            "redis_configuration.0.maxclients": "0",
                            "redis_configuration.0.maxmemory_delta": "0",
                            "redis_configuration.0.maxmemory_policy": "volatile-lru",
                            "redis_configuration.0.maxmemory_reserved": "0",
                            "redis_configuration.0.rdb_backup_enabled": "false",
                            "redis_configuration.0.rdb_backup_frequency": "0",
                            "redis_configuration.0.rdb_backup_max_snapshot_count": "0",
                            "redis_configuration.0.rdb_storage_connection_string": "",
                            "resource_group_name": "dwto-dev-redis01",
                            "secondary_access_key": "4KWMkQiGD8Ht4vdiOBjL9TT12A5dymJVfKYX0QDEk6E=",
                            "sku_name": "Basic",
                            "ssl_port": "6380",
                            "tags.%": "0"
                        },
                        "meta": {},
                        "tainted": false
                    },
                    "deposed": [],
                    "provider": "provider.azurerm"
                },
                "azurerm_resource_group.redis_rg": {
                    "type": "azurerm_resource_group",
                    "depends_on": [],
                    "primary": {
                        "id": "/subscriptions/0d192ee3-36a5-4a48-8ae6-1ff2657061e3/resourceGroups/dwto-dev-redis01",
                        "attributes": {
                            "id": "/subscriptions/0d192ee3-36a5-4a48-8ae6-1ff2657061e3/resourceGroups/dwto-dev-redis01",
                            "location": "eastus",
                            "name": "dwto-dev-redis01",
                            "tags.%": "0"
                        },
                        "meta": {},
                        "tainted": false
                    },
                    "deposed": [],
                    "provider": "provider.azurerm"
                },
                "data.azurerm_client_config.current": {
                    "type": "azurerm_client_config",
                    "depends_on": [],
                    "primary": {
                        "id": "2018-01-19 15:37:31.8290421 +0000 UTC",
                        "attributes": {
                            "client_id": "2f8e9def-8945-47cd-8348-97614355c02b",
                            "id": "2018-01-19 15:37:31.8290421 +0000 UTC",
                            "service_principal_application_id": "2f8e9def-8945-47cd-8348-97614355c02b",
                            "service_principal_object_id": "697051ae-4fbc-44ae-8637-84b68f7d76ed",
                            "subscription_id": "0d192ee3-36a5-4a48-8ae6-1ff2657061e3",
                            "tenant_id": "dea2de7c-16af-4661-9413-f8253dfe9e8e"
                        },
                        "meta": {},
                        "tainted": false
                    },
                    "deposed": [],
                    "provider": "provider.azurerm"
                },
                "data.external.certificate_thumbprint": {
                    "type": "external",
                    "depends_on": [],
                    "primary": {
                        "id": "-",
                        "attributes": {
                            "id": "-",
                            "program.#": "2",
                            "program.0": "PowerShell.exe",
                            "program.1": "./modules/redis/cert_thumbprint.ps1",
                            "result.%": "2",
                            "result.thumbprint": "",
                            "result.version": ""
                        },
                        "meta": {},
                        "tainted": false
                    },
                    "deposed": [],
                    "provider": "provider.external"
                }
            },
            "depends_on": []
        },
        {
            "path": [
                "root",
                "servicebus"
            ],
            "outputs": {},
            "resources": {
                "azurerm_lb.Loadbalancer": {
                    "type": "azurerm_lb",
                    "depends_on": [
                        "azurerm_public_ip.loadbalancer_publicip",
                        "azurerm_resource_group.service_bus_rg"
                    ],
                    "primary": {
                        "id": "/subscriptions/0d192ee3-36a5-4a48-8ae6-1ff2657061e3/resourceGroups/dwto-dev-alsb01/providers/Microsoft.Network/loadBalancers/LoadBalancer",
                        "attributes": {
                            "frontend_ip_configuration.#": "1",
                            "frontend_ip_configuration.0.inbound_nat_rules.#": "0",
                            "frontend_ip_configuration.0.load_balancer_rules.#": "0",
                            "frontend_ip_configuration.0.name": "LoadBalancerIP",
                            "frontend_ip_configuration.0.private_ip_address": "",
                            "frontend_ip_configuration.0.private_ip_address_allocation": "Dynamic",
                            "frontend_ip_configuration.0.public_ip_address_id": "/subscriptions/0d192ee3-36a5-4a48-8ae6-1ff2657061e3/resourceGroups/dwto-dev-alsb01/providers/Microsoft.Network/publicIPAddresses/LoadBalancerIP",
                            "frontend_ip_configuration.0.subnet_id": "",
                            "id": "/subscriptions/0d192ee3-36a5-4a48-8ae6-1ff2657061e3/resourceGroups/dwto-dev-alsb01/providers/Microsoft.Network/loadBalancers/LoadBalancer",
                            "location": "eastus",
                            "name": "LoadBalancer",
                            "private_ip_address": "",
                            "private_ip_addresses.#": "0",
                            "resource_group_name": "dwto-dev-alsb01",
                            "tags.%": "0"
                        },
                        "meta": {},
                        "tainted": false
                    },
                    "deposed": [],
                    "provider": "provider.azurerm"
                },
                "azurerm_lb_backend_address_pool.lb_backend": {
                    "type": "azurerm_lb_backend_address_pool",
                    "depends_on": [
                        "azurerm_lb.Loadbalancer",
                        "azurerm_resource_group.service_bus_rg"
                    ],
                    "primary": {
                        "id": "/subscriptions/0d192ee3-36a5-4a48-8ae6-1ff2657061e3/resourceGroups/dwto-dev-alsb01/providers/Microsoft.Network/loadBalancers/LoadBalancer/backendAddressPools/LBBEAddressPool",
                        "attributes": {
                            "backend_ip_configurations.#": "0",
                            "id": "/subscriptions/0d192ee3-36a5-4a48-8ae6-1ff2657061e3/resourceGroups/dwto-dev-alsb01/providers/Microsoft.Network/loadBalancers/LoadBalancer/backendAddressPools/LBBEAddressPool",
                            "load_balancing_rules.#": "2",
                            "load_balancing_rules.1197247340": "/subscriptions/0d192ee3-36a5-4a48-8ae6-1ff2657061e3/resourceGroups/dwto-dev-alsb01/providers/Microsoft.Network/loadBalancers/LoadBalancer/loadBalancingRules/LBRule",
                            "load_balancing_rules.2286274320": "/subscriptions/0d192ee3-36a5-4a48-8ae6-1ff2657061e3/resourceGroups/dwto-dev-alsb01/providers/Microsoft.Network/loadBalancers/LoadBalancer/loadBalancingRules/LBHttpRule",
                            "loadbalancer_id": "/subscriptions/0d192ee3-36a5-4a48-8ae6-1ff2657061e3/resourceGroups/dwto-dev-alsb01/providers/Microsoft.Network/loadBalancers/LoadBalancer",
                            "name": "LBBEAddressPool",
                            "resource_group_name": "dwto-dev-alsb01"
                        },
                        "meta": {},
                        "tainted": false
                    },
                    "deposed": [],
                    "provider": "provider.azurerm"
                },
                "azurerm_lb_nat_pool.LoadBalancerBEAddressNatPool": {
                    "type": "azurerm_lb_nat_pool",
                    "depends_on": [
                        "azurerm_lb.Loadbalancer",
                        "azurerm_resource_group.service_bus_rg"
                    ],
                    "primary": {
                        "id": "/subscriptions/0d192ee3-36a5-4a48-8ae6-1ff2657061e3/resourceGroups/dwto-dev-alsb01/providers/Microsoft.Network/loadBalancers/LoadBalancer/inboundNatPools/LoadBalancerBEAddressNatPool",
                        "attributes": {
                            "backend_port": "3389",
                            "frontend_ip_configuration_id": "/subscriptions/0d192ee3-36a5-4a48-8ae6-1ff2657061e3/resourceGroups/dwto-dev-alsb01/providers/Microsoft.Network/loadBalancers/LoadBalancer/frontendIPConfigurations/LoadBalancerIP",
                            "frontend_ip_configuration_name": "LoadBalancerIP",
                            "frontend_port_end": "4500",
                            "frontend_port_start": "3389",
                            "id": "/subscriptions/0d192ee3-36a5-4a48-8ae6-1ff2657061e3/resourceGroups/dwto-dev-alsb01/providers/Microsoft.Network/loadBalancers/LoadBalancer/inboundNatPools/LoadBalancerBEAddressNatPool",
                            "loadbalancer_id": "/subscriptions/0d192ee3-36a5-4a48-8ae6-1ff2657061e3/resourceGroups/dwto-dev-alsb01/providers/Microsoft.Network/loadBalancers/LoadBalancer",
                            "name": "LoadBalancerBEAddressNatPool",
                            "protocol": "Tcp",
                            "resource_group_name": "dwto-dev-alsb01"
                        },
                        "meta": {},
                        "tainted": false
                    },
                    "deposed": [],
                    "provider": "provider.azurerm"
                },
                "azurerm_lb_probe.FabricGateWayProbe": {
                    "type": "azurerm_lb_probe",
                    "depends_on": [
                        "azurerm_lb.Loadbalancer",
                        "azurerm_resource_group.service_bus_rg"
                    ],
                    "primary": {
                        "id": "/subscriptions/0d192ee3-36a5-4a48-8ae6-1ff2657061e3/resourceGroups/dwto-dev-alsb01/providers/Microsoft.Network/loadBalancers/LoadBalancer/probes/FabricGateWayProbe",
                        "attributes": {
                            "id": "/subscriptions/0d192ee3-36a5-4a48-8ae6-1ff2657061e3/resourceGroups/dwto-dev-alsb01/providers/Microsoft.Network/loadBalancers/LoadBalancer/probes/FabricGateWayProbe",
                            "interval_in_seconds": "5",
                            "load_balancer_rules.#": "1",
                            "load_balancer_rules.1197247340": "/subscriptions/0d192ee3-36a5-4a48-8ae6-1ff2657061e3/resourceGroups/dwto-dev-alsb01/providers/Microsoft.Network/loadBalancers/LoadBalancer/loadBalancingRules/LBRule",
                            "loadbalancer_id": "/subscriptions/0d192ee3-36a5-4a48-8ae6-1ff2657061e3/resourceGroups/dwto-dev-alsb01/providers/Microsoft.Network/loadBalancers/LoadBalancer",
                            "name": "FabricGateWayProbe",
                            "number_of_probes": "2",
                            "port": "19000",
                            "protocol": "Tcp",
                            "request_path": "",
                            "resource_group_name": "dwto-dev-alsb01"
                        },
                        "meta": {},
                        "tainted": false
                    },
                    "deposed": [],
                    "provider": "provider.azurerm"
                },
                "azurerm_lb_probe.FabricHttpGateWayProbe": {
                    "type": "azurerm_lb_probe",
                    "depends_on": [
                        "azurerm_lb.Loadbalancer",
                        "azurerm_resource_group.service_bus_rg"
                    ],
                    "primary": {
                        "id": "/subscriptions/0d192ee3-36a5-4a48-8ae6-1ff2657061e3/resourceGroups/dwto-dev-alsb01/providers/Microsoft.Network/loadBalancers/LoadBalancer/probes/FabricHttpGateWayProbe",
                        "attributes": {
                            "id": "/subscriptions/0d192ee3-36a5-4a48-8ae6-1ff2657061e3/resourceGroups/dwto-dev-alsb01/providers/Microsoft.Network/loadBalancers/LoadBalancer/probes/FabricHttpGateWayProbe",
                            "interval_in_seconds": "5",
                            "load_balancer_rules.#": "1",
                            "load_balancer_rules.2286274320": "/subscriptions/0d192ee3-36a5-4a48-8ae6-1ff2657061e3/resourceGroups/dwto-dev-alsb01/providers/Microsoft.Network/loadBalancers/LoadBalancer/loadBalancingRules/LBHttpRule",
                            "loadbalancer_id": "/subscriptions/0d192ee3-36a5-4a48-8ae6-1ff2657061e3/resourceGroups/dwto-dev-alsb01/providers/Microsoft.Network/loadBalancers/LoadBalancer",
                            "name": "FabricHttpGateWayProbe",
                            "number_of_probes": "2",
                            "port": "19080",
                            "protocol": "Tcp",
                            "request_path": "",
                            "resource_group_name": "dwto-dev-alsb01"
                        },
                        "meta": {},
                        "tainted": false
                    },
                    "deposed": [],
                    "provider": "provider.azurerm"
                },
                "azurerm_lb_rule.LBHttpRule": {
                    "type": "azurerm_lb_rule",
                    "depends_on": [
                        "azurerm_lb.Loadbalancer",
                        "azurerm_lb_backend_address_pool.lb_backend",
                        "azurerm_lb_probe.FabricHttpGateWayProbe",
                        "azurerm_resource_group.service_bus_rg"
                    ],
                    "primary": {
                        "id": "/subscriptions/0d192ee3-36a5-4a48-8ae6-1ff2657061e3/resourceGroups/dwto-dev-alsb01/providers/Microsoft.Network/loadBalancers/LoadBalancer/loadBalancingRules/LBHttpRule",
                        "attributes": {
                            "backend_address_pool_id": "/subscriptions/0d192ee3-36a5-4a48-8ae6-1ff2657061e3/resourceGroups/dwto-dev-alsb01/providers/Microsoft.Network/loadBalancers/LoadBalancer/backendAddressPools/LBBEAddressPool",
                            "backend_port": "19080",
                            "enable_floating_ip": "false",
                            "frontend_ip_configuration_id": "/subscriptions/0d192ee3-36a5-4a48-8ae6-1ff2657061e3/resourceGroups/dwto-dev-alsb01/providers/Microsoft.Network/loadBalancers/LoadBalancer/frontendIPConfigurations/LoadBalancerIP",
                            "frontend_ip_configuration_name": "LoadBalancerIP",
                            "frontend_port": "19080",
                            "id": "/subscriptions/0d192ee3-36a5-4a48-8ae6-1ff2657061e3/resourceGroups/dwto-dev-alsb01/providers/Microsoft.Network/loadBalancers/LoadBalancer/loadBalancingRules/LBHttpRule",
                            "idle_timeout_in_minutes": "4",
                            "load_distribution": "Default",
                            "loadbalancer_id": "/subscriptions/0d192ee3-36a5-4a48-8ae6-1ff2657061e3/resourceGroups/dwto-dev-alsb01/providers/Microsoft.Network/loadBalancers/LoadBalancer",
                            "name": "LBHttpRule",
                            "probe_id": "/subscriptions/0d192ee3-36a5-4a48-8ae6-1ff2657061e3/resourceGroups/dwto-dev-alsb01/providers/Microsoft.Network/loadBalancers/LoadBalancer/probes/FabricHttpGateWayProbe",
                            "protocol": "Tcp",
                            "resource_group_name": "dwto-dev-alsb01"
                        },
                        "meta": {},
                        "tainted": false
                    },
                    "deposed": [],
                    "provider": "provider.azurerm"
                },
                "azurerm_lb_rule.LBRule": {
                    "type": "azurerm_lb_rule",
                    "depends_on": [
                        "azurerm_lb.Loadbalancer",
                        "azurerm_lb_backend_address_pool.lb_backend",
                        "azurerm_lb_probe.FabricGateWayProbe",
                        "azurerm_resource_group.service_bus_rg"
                    ],
                    "primary": {
                        "id": "/subscriptions/0d192ee3-36a5-4a48-8ae6-1ff2657061e3/resourceGroups/dwto-dev-alsb01/providers/Microsoft.Network/loadBalancers/LoadBalancer/loadBalancingRules/LBRule",
                        "attributes": {
                            "backend_address_pool_id": "/subscriptions/0d192ee3-36a5-4a48-8ae6-1ff2657061e3/resourceGroups/dwto-dev-alsb01/providers/Microsoft.Network/loadBalancers/LoadBalancer/backendAddressPools/LBBEAddressPool",
                            "backend_port": "19000",
                            "enable_floating_ip": "false",
                            "frontend_ip_configuration_id": "/subscriptions/0d192ee3-36a5-4a48-8ae6-1ff2657061e3/resourceGroups/dwto-dev-alsb01/providers/Microsoft.Network/loadBalancers/LoadBalancer/frontendIPConfigurations/LoadBalancerIP",
                            "frontend_ip_configuration_name": "LoadBalancerIP",
                            "frontend_port": "19000",
                            "id": "/subscriptions/0d192ee3-36a5-4a48-8ae6-1ff2657061e3/resourceGroups/dwto-dev-alsb01/providers/Microsoft.Network/loadBalancers/LoadBalancer/loadBalancingRules/LBRule",
                            "idle_timeout_in_minutes": "4",
                            "load_distribution": "Default",
                            "loadbalancer_id": "/subscriptions/0d192ee3-36a5-4a48-8ae6-1ff2657061e3/resourceGroups/dwto-dev-alsb01/providers/Microsoft.Network/loadBalancers/LoadBalancer",
                            "name": "LBRule",
                            "probe_id": "/subscriptions/0d192ee3-36a5-4a48-8ae6-1ff2657061e3/resourceGroups/dwto-dev-alsb01/providers/Microsoft.Network/loadBalancers/LoadBalancer/probes/FabricGateWayProbe",
                            "protocol": "Tcp",
                            "resource_group_name": "dwto-dev-alsb01"
                        },
                        "meta": {},
                        "tainted": false
                    },
                    "deposed": [],
                    "provider": "provider.azurerm"
                },
                "azurerm_public_ip.loadbalancer_publicip": {
                    "type": "azurerm_public_ip",
                    "depends_on": [
                        "azurerm_resource_group.service_bus_rg"
                    ],
                    "primary": {
                        "id": "/subscriptions/0d192ee3-36a5-4a48-8ae6-1ff2657061e3/resourceGroups/dwto-dev-alsb01/providers/Microsoft.Network/publicIPAddresses/LoadBalancerIP",
                        "attributes": {
                            "domain_name_label": "dwto-dev-alsb01",
                            "fqdn": "dwto-dev-alsb01.eastus.cloudapp.azure.com",
                            "id": "/subscriptions/0d192ee3-36a5-4a48-8ae6-1ff2657061e3/resourceGroups/dwto-dev-alsb01/providers/Microsoft.Network/publicIPAddresses/LoadBalancerIP",
                            "ip_address": "13.90.86.49",
                            "location": "eastus",
                            "name": "LoadBalancerIP",
                            "public_ip_address_allocation": "static",
                            "resource_group_name": "dwto-dev-alsb01",
                            "tags.%": "0"
                        },
                        "meta": {},
                        "tainted": false
                    },
                    "deposed": [],
                    "provider": "provider.azurerm"
                },
                "azurerm_resource_group.service_bus_rg": {
                    "type": "azurerm_resource_group",
                    "depends_on": [],
                    "primary": {
                        "id": "/subscriptions/0d192ee3-36a5-4a48-8ae6-1ff2657061e3/resourceGroups/dwto-dev-alsb01",
                        "attributes": {
                            "id": "/subscriptions/0d192ee3-36a5-4a48-8ae6-1ff2657061e3/resourceGroups/dwto-dev-alsb01",
                            "location": "eastus",
                            "name": "dwto-dev-alsb01",
                            "tags.%": "0"
                        },
                        "meta": {},
                        "tainted": false
                    },
                    "deposed": [],
                    "provider": "provider.azurerm"
                },
                "azurerm_servicebus_namespace.service_bus": {
                    "type": "azurerm_servicebus_namespace",
                    "depends_on": [
                        "azurerm_resource_group.service_bus_rg"
                    ],
                    "primary": {
                        "id": "/subscriptions/0d192ee3-36a5-4a48-8ae6-1ff2657061e3/resourceGroups/dwto-dev-alsb01/providers/Microsoft.ServiceBus/namespaces/dwto-dev-servicebus",
                        "attributes": {
                            "capacity": "0",
                            "default_primary_connection_string": "Endpoint=sb://dwto-dev-servicebus.servicebus.windows.net/;SharedAccessKeyName=RootManageSharedAccessKey;SharedAccessKey=Ptti08f1OfVfv9ZjWCSYsgo/g1XOlP5Fahm3/AXhtJ0=",
                            "default_primary_key": "Ptti08f1OfVfv9ZjWCSYsgo/g1XOlP5Fahm3/AXhtJ0=",
                            "default_secondary_connection_string": "Endpoint=sb://dwto-dev-servicebus.servicebus.windows.net/;SharedAccessKeyName=RootManageSharedAccessKey;SharedAccessKey=rW7Nu+Eh5YgbH8AbLsL76WJoOhZZ9deuF9Uvf3eila4=",
                            "default_secondary_key": "rW7Nu+Eh5YgbH8AbLsL76WJoOhZZ9deuF9Uvf3eila4=",
                            "id": "/subscriptions/0d192ee3-36a5-4a48-8ae6-1ff2657061e3/resourceGroups/dwto-dev-alsb01/providers/Microsoft.ServiceBus/namespaces/dwto-dev-servicebus",
                            "location": "eastus",
                            "name": "dwto-dev-servicebus",
                            "resource_group_name": "dwto-dev-alsb01",
                            "sku": "basic",
                            "tags.%": "0"
                        },
                        "meta": {
                            "schema_version": "1"
                        },
                        "tainted": false
                    },
                    "deposed": [],
                    "provider": "provider.azurerm"
                },
                "azurerm_storage_account.appdiagstrg": {
                    "type": "azurerm_storage_account",
                    "depends_on": [
                        "azurerm_resource_group.service_bus_rg"
                    ],
                    "primary": {
                        "id": "/subscriptions/0d192ee3-36a5-4a48-8ae6-1ff2657061e3/resourceGroups/dwto-dev-alsb01/providers/Microsoft.Storage/storageAccounts/appdiagstrg",
                        "attributes": {
                            "access_tier": "",
                            "account_encryption_source": "Microsoft.Storage",
                            "account_kind": "Storage",
                            "account_replication_type": "LRS",
                            "account_tier": "Standard",
                            "account_type": "Standard_LRS",
                            "enable_blob_encryption": "true",
                            "enable_file_encryption": "true",
                            "enable_https_traffic_only": "false",
                            "id": "/subscriptions/0d192ee3-36a5-4a48-8ae6-1ff2657061e3/resourceGroups/dwto-dev-alsb01/providers/Microsoft.Storage/storageAccounts/appdiagstrg",
                            "location": "eastus",
                            "name": "appdiagstrg",
                            "primary_access_key": "qIgaHZO2Gg1Oe2gIW/mkW3E/xgoEF9TEy6JC2D2ScHyjnuARDyCXNgz2lQFpwFz7JrGsSOtCJIQoV6FOp8BLrQ==",
                            "primary_blob_connection_string": "DefaultEndpointsProtocol=https;BlobEndpoint=https://appdiagstrg.blob.core.windows.net/;AccountName=appdiagstrg;AccountKey=qIgaHZO2Gg1Oe2gIW/mkW3E/xgoEF9TEy6JC2D2ScHyjnuARDyCXNgz2lQFpwFz7JrGsSOtCJIQoV6FOp8BLrQ==",
                            "primary_blob_endpoint": "https://appdiagstrg.blob.core.windows.net/",
                            "primary_connection_string": "DefaultEndpointsProtocol=https;AccountName=appdiagstrg;AccountKey=qIgaHZO2Gg1Oe2gIW/mkW3E/xgoEF9TEy6JC2D2ScHyjnuARDyCXNgz2lQFpwFz7JrGsSOtCJIQoV6FOp8BLrQ==;EndpointSuffix=core.windows.net",
                            "primary_file_endpoint": "https://appdiagstrg.file.core.windows.net/",
                            "primary_location": "eastus",
                            "primary_queue_endpoint": "https://appdiagstrg.queue.core.windows.net/",
                            "primary_table_endpoint": "https://appdiagstrg.table.core.windows.net/",
                            "resource_group_name": "dwto-dev-alsb01",
                            "secondary_access_key": "g3UuUuGHaVlY0ZYTEbV+jmw1qbCtVMKYo5uHW3a3vD+sX2DDb2cASx0jFQlzlmPqvIVc/jTvmcefbWWfqA2/kg==",
                            "secondary_connection_string": "DefaultEndpointsProtocol=https;AccountName=appdiagstrg;AccountKey=g3UuUuGHaVlY0ZYTEbV+jmw1qbCtVMKYo5uHW3a3vD+sX2DDb2cASx0jFQlzlmPqvIVc/jTvmcefbWWfqA2/kg==;EndpointSuffix=core.windows.net",
                            "secondary_location": "",
                            "tags.%": "0"
                        },
                        "meta": {
                            "schema_version": "2"
                        },
                        "tainted": false
                    },
                    "deposed": [],
                    "provider": "provider.azurerm"
                },
                "azurerm_storage_account.sbstrgacc": {
                    "type": "azurerm_storage_account",
                    "depends_on": [
                        "azurerm_resource_group.service_bus_rg"
                    ],
                    "primary": {
                        "id": "/subscriptions/0d192ee3-36a5-4a48-8ae6-1ff2657061e3/resourceGroups/dwto-dev-alsb01/providers/Microsoft.Storage/storageAccounts/servicebusstorageaccount",
                        "attributes": {
                            "access_tier": "",
                            "account_encryption_source": "Microsoft.Storage",
                            "account_kind": "Storage",
                            "account_replication_type": "RAGRS",
                            "account_tier": "Standard",
                            "account_type": "Standard_RAGRS",
                            "enable_blob_encryption": "true",
                            "enable_file_encryption": "true",
                            "enable_https_traffic_only": "false",
                            "id": "/subscriptions/0d192ee3-36a5-4a48-8ae6-1ff2657061e3/resourceGroups/dwto-dev-alsb01/providers/Microsoft.Storage/storageAccounts/servicebusstorageaccount",
                            "location": "eastus",
                            "name": "servicebusstorageaccount",
                            "primary_access_key": "Cs59/L5TaH5EMyJjzA/+RSXA2aRxbWQWQtUWOb1o+md4/nFQ501Ox/LM4ErkfWCozXZw1p60b29IEFB2Yj/9Rg==",
                            "primary_blob_connection_string": "DefaultEndpointsProtocol=https;BlobEndpoint=https://servicebusstorageaccount.blob.core.windows.net/;AccountName=servicebusstorageaccount;AccountKey=Cs59/L5TaH5EMyJjzA/+RSXA2aRxbWQWQtUWOb1o+md4/nFQ501Ox/LM4ErkfWCozXZw1p60b29IEFB2Yj/9Rg==",
                            "primary_blob_endpoint": "https://servicebusstorageaccount.blob.core.windows.net/",
                            "primary_connection_string": "DefaultEndpointsProtocol=https;AccountName=servicebusstorageaccount;AccountKey=Cs59/L5TaH5EMyJjzA/+RSXA2aRxbWQWQtUWOb1o+md4/nFQ501Ox/LM4ErkfWCozXZw1p60b29IEFB2Yj/9Rg==;EndpointSuffix=core.windows.net",
                            "primary_file_endpoint": "https://servicebusstorageaccount.file.core.windows.net/",
                            "primary_location": "eastus",
                            "primary_queue_endpoint": "https://servicebusstorageaccount.queue.core.windows.net/",
                            "primary_table_endpoint": "https://servicebusstorageaccount.table.core.windows.net/",
                            "resource_group_name": "dwto-dev-alsb01",
                            "secondary_access_key": "cZxMTPM028SR7NBUa4T1zPQc6P+64rvyoqEkIE7ViDUJiHEEP6FFJIig1y8wToh85HkFGqIAQaCWAiAucmAFZQ==",
                            "secondary_blob_connection_string": "DefaultEndpointsProtocol=https;BlobEndpoint=https://servicebusstorageaccount-secondary.blob.core.windows.net/;AccountName=servicebusstorageaccount;AccountKey=cZxMTPM028SR7NBUa4T1zPQc6P+64rvyoqEkIE7ViDUJiHEEP6FFJIig1y8wToh85HkFGqIAQaCWAiAucmAFZQ==",
                            "secondary_blob_endpoint": "https://servicebusstorageaccount-secondary.blob.core.windows.net/",
                            "secondary_connection_string": "DefaultEndpointsProtocol=https;AccountName=servicebusstorageaccount;AccountKey=cZxMTPM028SR7NBUa4T1zPQc6P+64rvyoqEkIE7ViDUJiHEEP6FFJIig1y8wToh85HkFGqIAQaCWAiAucmAFZQ==;EndpointSuffix=core.windows.net",
                            "secondary_location": "westus",
                            "secondary_queue_endpoint": "https://servicebusstorageaccount-secondary.queue.core.windows.net/",
                            "secondary_table_endpoint": "https://servicebusstorageaccount-secondary.table.core.windows.net/",
                            "tags.%": "0"
                        },
                        "meta": {
                            "schema_version": "2"
                        },
                        "tainted": false
                    },
                    "deposed": [],
                    "provider": "provider.azurerm"
                },
                "azurerm_storage_account.sf_storage_account01": {
                    "type": "azurerm_storage_account",
                    "depends_on": [
                        "azurerm_resource_group.service_bus_rg"
                    ],
                    "primary": {
                        "id": "/subscriptions/0d192ee3-36a5-4a48-8ae6-1ff2657061e3/resourceGroups/dwto-dev-alsb01/providers/Microsoft.Storage/storageAccounts/sfstorageaccount01",
                        "attributes": {
                            "access_tier": "",
                            "account_encryption_source": "Microsoft.Storage",
                            "account_kind": "Storage",
                            "account_replication_type": "LRS",
                            "account_tier": "Standard",
                            "account_type": "Standard_LRS",
                            "enable_blob_encryption": "true",
                            "enable_file_encryption": "true",
                            "enable_https_traffic_only": "false",
                            "id": "/subscriptions/0d192ee3-36a5-4a48-8ae6-1ff2657061e3/resourceGroups/dwto-dev-alsb01/providers/Microsoft.Storage/storageAccounts/sfstorageaccount01",
                            "location": "eastus",
                            "name": "sfstorageaccount01",
                            "primary_access_key": "dSsxIXuXTEAbNLuYzGZzbIRM/QGxuY2B3HgIGn+/NQdv56u3DBTPBj6cYF48qpXoS/xJT0hHmCLekap7YxiJ2Q==",
                            "primary_blob_connection_string": "DefaultEndpointsProtocol=https;BlobEndpoint=https://sfstorageaccount01.blob.core.windows.net/;AccountName=sfstorageaccount01;AccountKey=dSsxIXuXTEAbNLuYzGZzbIRM/QGxuY2B3HgIGn+/NQdv56u3DBTPBj6cYF48qpXoS/xJT0hHmCLekap7YxiJ2Q==",
                            "primary_blob_endpoint": "https://sfstorageaccount01.blob.core.windows.net/",
                            "primary_connection_string": "DefaultEndpointsProtocol=https;AccountName=sfstorageaccount01;AccountKey=dSsxIXuXTEAbNLuYzGZzbIRM/QGxuY2B3HgIGn+/NQdv56u3DBTPBj6cYF48qpXoS/xJT0hHmCLekap7YxiJ2Q==;EndpointSuffix=core.windows.net",
                            "primary_file_endpoint": "https://sfstorageaccount01.file.core.windows.net/",
                            "primary_location": "eastus",
                            "primary_queue_endpoint": "https://sfstorageaccount01.queue.core.windows.net/",
                            "primary_table_endpoint": "https://sfstorageaccount01.table.core.windows.net/",
                            "resource_group_name": "dwto-dev-alsb01",
                            "secondary_access_key": "ZpE+mSGsoPAa/gVc7w0IZtNKGLAyi8eZRwp81/TL5YUBXexiSGmQNgc5O5+kOovggE2g0be8GjAX5CHgRHEOUQ==",
                            "secondary_connection_string": "DefaultEndpointsProtocol=https;AccountName=sfstorageaccount01;AccountKey=ZpE+mSGsoPAa/gVc7w0IZtNKGLAyi8eZRwp81/TL5YUBXexiSGmQNgc5O5+kOovggE2g0be8GjAX5CHgRHEOUQ==;EndpointSuffix=core.windows.net",
                            "secondary_location": "",
                            "tags.%": "0"
                        },
                        "meta": {
                            "schema_version": "2"
                        },
                        "tainted": false
                    },
                    "deposed": [],
                    "provider": "provider.azurerm"
                },
                "azurerm_storage_account.sf_storage_account02": {
                    "type": "azurerm_storage_account",
                    "depends_on": [
                        "azurerm_resource_group.service_bus_rg"
                    ],
                    "primary": {
                        "id": "/subscriptions/0d192ee3-36a5-4a48-8ae6-1ff2657061e3/resourceGroups/dwto-dev-alsb01/providers/Microsoft.Storage/storageAccounts/sfstorageaccount02",
                        "attributes": {
                            "access_tier": "",
                            "account_encryption_source": "Microsoft.Storage",
                            "account_kind": "Storage",
                            "account_replication_type": "LRS",
                            "account_tier": "Standard",
                            "account_type": "Standard_LRS",
                            "enable_blob_encryption": "true",
                            "enable_file_encryption": "true",
                            "enable_https_traffic_only": "false",
                            "id": "/subscriptions/0d192ee3-36a5-4a48-8ae6-1ff2657061e3/resourceGroups/dwto-dev-alsb01/providers/Microsoft.Storage/storageAccounts/sfstorageaccount02",
                            "location": "eastus",
                            "name": "sfstorageaccount02",
                            "primary_access_key": "Wxa798Cr72cx2YSXDnSkekDEakuDW3T1zsTWQ81OlPFBNNsQ3MtEDGjwF6dGmpCZrhRf4MXXJmzkCaaOYTdyAA==",
                            "primary_blob_connection_string": "DefaultEndpointsProtocol=https;BlobEndpoint=https://sfstorageaccount02.blob.core.windows.net/;AccountName=sfstorageaccount02;AccountKey=Wxa798Cr72cx2YSXDnSkekDEakuDW3T1zsTWQ81OlPFBNNsQ3MtEDGjwF6dGmpCZrhRf4MXXJmzkCaaOYTdyAA==",
                            "primary_blob_endpoint": "https://sfstorageaccount02.blob.core.windows.net/",
                            "primary_connection_string": "DefaultEndpointsProtocol=https;AccountName=sfstorageaccount02;AccountKey=Wxa798Cr72cx2YSXDnSkekDEakuDW3T1zsTWQ81OlPFBNNsQ3MtEDGjwF6dGmpCZrhRf4MXXJmzkCaaOYTdyAA==;EndpointSuffix=core.windows.net",
                            "primary_file_endpoint": "https://sfstorageaccount02.file.core.windows.net/",
                            "primary_location": "eastus",
                            "primary_queue_endpoint": "https://sfstorageaccount02.queue.core.windows.net/",
                            "primary_table_endpoint": "https://sfstorageaccount02.table.core.windows.net/",
                            "resource_group_name": "dwto-dev-alsb01",
                            "secondary_access_key": "7XiIZ5wDy7tkN4J7Q+bS7aEbjyED5dgS/5ICWKzIv8LifynrmtJT6QfjQNraTry60OC2G1WauJmyTWQQjFNcDQ==",
                            "secondary_connection_string": "DefaultEndpointsProtocol=https;AccountName=sfstorageaccount02;AccountKey=7XiIZ5wDy7tkN4J7Q+bS7aEbjyED5dgS/5ICWKzIv8LifynrmtJT6QfjQNraTry60OC2G1WauJmyTWQQjFNcDQ==;EndpointSuffix=core.windows.net",
                            "secondary_location": "",
                            "tags.%": "0"
                        },
                        "meta": {
                            "schema_version": "2"
                        },
                        "tainted": false
                    },
                    "deposed": [],
                    "provider": "provider.azurerm"
                },
                "azurerm_storage_account.sf_storage_account03": {
                    "type": "azurerm_storage_account",
                    "depends_on": [
                        "azurerm_resource_group.service_bus_rg"
                    ],
                    "primary": {
                        "id": "/subscriptions/0d192ee3-36a5-4a48-8ae6-1ff2657061e3/resourceGroups/dwto-dev-alsb01/providers/Microsoft.Storage/storageAccounts/sfstorageaccount03",
                        "attributes": {
                            "access_tier": "",
                            "account_encryption_source": "Microsoft.Storage",
                            "account_kind": "Storage",
                            "account_replication_type": "LRS",
                            "account_tier": "Standard",
                            "account_type": "Standard_LRS",
                            "enable_blob_encryption": "true",
                            "enable_file_encryption": "true",
                            "enable_https_traffic_only": "false",
                            "id": "/subscriptions/0d192ee3-36a5-4a48-8ae6-1ff2657061e3/resourceGroups/dwto-dev-alsb01/providers/Microsoft.Storage/storageAccounts/sfstorageaccount03",
                            "location": "eastus",
                            "name": "sfstorageaccount03",
                            "primary_access_key": "wmcUO3OniEzlk9GO5vTr3pqPuTJkSuaVP4L9k9W35h8cJ6Dnt+oUUgTUKJRUXQ7MWWt8VhS6XjfV5FSZvDIBkQ==",
                            "primary_blob_connection_string": "DefaultEndpointsProtocol=https;BlobEndpoint=https://sfstorageaccount03.blob.core.windows.net/;AccountName=sfstorageaccount03;AccountKey=wmcUO3OniEzlk9GO5vTr3pqPuTJkSuaVP4L9k9W35h8cJ6Dnt+oUUgTUKJRUXQ7MWWt8VhS6XjfV5FSZvDIBkQ==",
                            "primary_blob_endpoint": "https://sfstorageaccount03.blob.core.windows.net/",
                            "primary_connection_string": "DefaultEndpointsProtocol=https;AccountName=sfstorageaccount03;AccountKey=wmcUO3OniEzlk9GO5vTr3pqPuTJkSuaVP4L9k9W35h8cJ6Dnt+oUUgTUKJRUXQ7MWWt8VhS6XjfV5FSZvDIBkQ==;EndpointSuffix=core.windows.net",
                            "primary_file_endpoint": "https://sfstorageaccount03.file.core.windows.net/",
                            "primary_location": "eastus",
                            "primary_queue_endpoint": "https://sfstorageaccount03.queue.core.windows.net/",
                            "primary_table_endpoint": "https://sfstorageaccount03.table.core.windows.net/",
                            "resource_group_name": "dwto-dev-alsb01",
                            "secondary_access_key": "V8fBNlEXLYsH9wVmqmc4JgQlvgMrNDm8VYKU+5rHrY3808Yj/b0CM/etTjYmu4ji1sodCDJPu4gS+mWob3GE7w==",
                            "secondary_connection_string": "DefaultEndpointsProtocol=https;AccountName=sfstorageaccount03;AccountKey=V8fBNlEXLYsH9wVmqmc4JgQlvgMrNDm8VYKU+5rHrY3808Yj/b0CM/etTjYmu4ji1sodCDJPu4gS+mWob3GE7w==;EndpointSuffix=core.windows.net",
                            "secondary_location": "",
                            "tags.%": "0"
                        },
                        "meta": {
                            "schema_version": "2"
                        },
                        "tainted": false
                    },
                    "deposed": [],
                    "provider": "provider.azurerm"
                },
                "azurerm_storage_account.sf_storage_account04": {
                    "type": "azurerm_storage_account",
                    "depends_on": [
                        "azurerm_resource_group.service_bus_rg"
                    ],
                    "primary": {
                        "id": "/subscriptions/0d192ee3-36a5-4a48-8ae6-1ff2657061e3/resourceGroups/dwto-dev-alsb01/providers/Microsoft.Storage/storageAccounts/sfstorageaccount04",
                        "attributes": {
                            "access_tier": "",
                            "account_encryption_source": "Microsoft.Storage",
                            "account_kind": "Storage",
                            "account_replication_type": "LRS",
                            "account_tier": "Standard",
                            "account_type": "Standard_LRS",
                            "enable_blob_encryption": "true",
                            "enable_file_encryption": "true",
                            "enable_https_traffic_only": "false",
                            "id": "/subscriptions/0d192ee3-36a5-4a48-8ae6-1ff2657061e3/resourceGroups/dwto-dev-alsb01/providers/Microsoft.Storage/storageAccounts/sfstorageaccount04",
                            "location": "eastus",
                            "name": "sfstorageaccount04",
                            "primary_access_key": "iXcMbRFHysZv+qD2iR4s4BakGiulhPjSLFImq7/yO+A0WBFsPmExZSAVb+iig5bjaDFE7R7MRCyyXZsSjhE2YA==",
                            "primary_blob_connection_string": "DefaultEndpointsProtocol=https;BlobEndpoint=https://sfstorageaccount04.blob.core.windows.net/;AccountName=sfstorageaccount04;AccountKey=iXcMbRFHysZv+qD2iR4s4BakGiulhPjSLFImq7/yO+A0WBFsPmExZSAVb+iig5bjaDFE7R7MRCyyXZsSjhE2YA==",
                            "primary_blob_endpoint": "https://sfstorageaccount04.blob.core.windows.net/",
                            "primary_connection_string": "DefaultEndpointsProtocol=https;AccountName=sfstorageaccount04;AccountKey=iXcMbRFHysZv+qD2iR4s4BakGiulhPjSLFImq7/yO+A0WBFsPmExZSAVb+iig5bjaDFE7R7MRCyyXZsSjhE2YA==;EndpointSuffix=core.windows.net",
                            "primary_file_endpoint": "https://sfstorageaccount04.file.core.windows.net/",
                            "primary_location": "eastus",
                            "primary_queue_endpoint": "https://sfstorageaccount04.queue.core.windows.net/",
                            "primary_table_endpoint": "https://sfstorageaccount04.table.core.windows.net/",
                            "resource_group_name": "dwto-dev-alsb01",
                            "secondary_access_key": "6yCHPrmWqmgbIhGL1RIkYUpXE4tc9D8yQEHPQHte2EkJALfvXIiwhi6LsDeIbotq9zeZBzqG2rT8dEuGkykA3A==",
                            "secondary_connection_string": "DefaultEndpointsProtocol=https;AccountName=sfstorageaccount04;AccountKey=6yCHPrmWqmgbIhGL1RIkYUpXE4tc9D8yQEHPQHte2EkJALfvXIiwhi6LsDeIbotq9zeZBzqG2rT8dEuGkykA3A==;EndpointSuffix=core.windows.net",
                            "secondary_location": "",
                            "tags.%": "0"
                        },
                        "meta": {
                            "schema_version": "2"
                        },
                        "tainted": false
                    },
                    "deposed": [],
                    "provider": "provider.azurerm"
                },
                "azurerm_storage_account.sf_storage_account05": {
                    "type": "azurerm_storage_account",
                    "depends_on": [
                        "azurerm_resource_group.service_bus_rg"
                    ],
                    "primary": {
                        "id": "/subscriptions/0d192ee3-36a5-4a48-8ae6-1ff2657061e3/resourceGroups/dwto-dev-alsb01/providers/Microsoft.Storage/storageAccounts/sfstorageaccount05",
                        "attributes": {
                            "access_tier": "",
                            "account_encryption_source": "Microsoft.Storage",
                            "account_kind": "Storage",
                            "account_replication_type": "LRS",
                            "account_tier": "Standard",
                            "account_type": "Standard_LRS",
                            "enable_blob_encryption": "true",
                            "enable_file_encryption": "true",
                            "enable_https_traffic_only": "false",
                            "id": "/subscriptions/0d192ee3-36a5-4a48-8ae6-1ff2657061e3/resourceGroups/dwto-dev-alsb01/providers/Microsoft.Storage/storageAccounts/sfstorageaccount05",
                            "location": "eastus",
                            "name": "sfstorageaccount05",
                            "primary_access_key": "IpS07aM8WgVldU9eQnBEaFlpk6aobggwh//FIO9XRMOw4cORBLz1xCg7a47LdRxkG0JH6qs1hcmovKxhUAlsgQ==",
                            "primary_blob_connection_string": "DefaultEndpointsProtocol=https;BlobEndpoint=https://sfstorageaccount05.blob.core.windows.net/;AccountName=sfstorageaccount05;AccountKey=IpS07aM8WgVldU9eQnBEaFlpk6aobggwh//FIO9XRMOw4cORBLz1xCg7a47LdRxkG0JH6qs1hcmovKxhUAlsgQ==",
                            "primary_blob_endpoint": "https://sfstorageaccount05.blob.core.windows.net/",
                            "primary_connection_string": "DefaultEndpointsProtocol=https;AccountName=sfstorageaccount05;AccountKey=IpS07aM8WgVldU9eQnBEaFlpk6aobggwh//FIO9XRMOw4cORBLz1xCg7a47LdRxkG0JH6qs1hcmovKxhUAlsgQ==;EndpointSuffix=core.windows.net",
                            "primary_file_endpoint": "https://sfstorageaccount05.file.core.windows.net/",
                            "primary_location": "eastus",
                            "primary_queue_endpoint": "https://sfstorageaccount05.queue.core.windows.net/",
                            "primary_table_endpoint": "https://sfstorageaccount05.table.core.windows.net/",
                            "resource_group_name": "dwto-dev-alsb01",
                            "secondary_access_key": "QgghMX9nuyJ0YdJdXuSY6Kn8jRB99HOS5H7TtfLHeEpgvbT17o8StvfP1hOo5BcwAOCucX/IHySA/mwCaFUm1A==",
                            "secondary_connection_string": "DefaultEndpointsProtocol=https;AccountName=sfstorageaccount05;AccountKey=QgghMX9nuyJ0YdJdXuSY6Kn8jRB99HOS5H7TtfLHeEpgvbT17o8StvfP1hOo5BcwAOCucX/IHySA/mwCaFUm1A==;EndpointSuffix=core.windows.net",
                            "secondary_location": "",
                            "tags.%": "0"
                        },
                        "meta": {
                            "schema_version": "2"
                        },
                        "tainted": false
                    },
                    "deposed": [],
                    "provider": "provider.azurerm"
                },
                "azurerm_storage_account.supportLogStorageAccount": {
                    "type": "azurerm_storage_account",
                    "depends_on": [
                        "azurerm_resource_group.service_bus_rg"
                    ],
                    "primary": {
                        "id": "/subscriptions/0d192ee3-36a5-4a48-8ae6-1ff2657061e3/resourceGroups/dwto-dev-alsb01/providers/Microsoft.Storage/storageAccounts/supportlogstorageaccount",
                        "attributes": {
                            "access_tier": "",
                            "account_encryption_source": "Microsoft.Storage",
                            "account_kind": "Storage",
                            "account_replication_type": "LRS",
                            "account_tier": "Standard",
                            "account_type": "Standard_LRS",
                            "enable_blob_encryption": "true",
                            "enable_file_encryption": "true",
                            "enable_https_traffic_only": "false",
                            "id": "/subscriptions/0d192ee3-36a5-4a48-8ae6-1ff2657061e3/resourceGroups/dwto-dev-alsb01/providers/Microsoft.Storage/storageAccounts/supportlogstorageaccount",
                            "location": "eastus",
                            "name": "supportlogstorageaccount",
                            "primary_access_key": "+fuWFS8mwFToomtI8VMp2gdFWm51jrbAqaZdmadg6o0TCGDBrD41S/8tOQ46pJJkGpVOV/aSl7Dw4/5HasH3ZQ==",
                            "primary_blob_connection_string": "DefaultEndpointsProtocol=https;BlobEndpoint=https://supportlogstorageaccount.blob.core.windows.net/;AccountName=supportlogstorageaccount;AccountKey=+fuWFS8mwFToomtI8VMp2gdFWm51jrbAqaZdmadg6o0TCGDBrD41S/8tOQ46pJJkGpVOV/aSl7Dw4/5HasH3ZQ==",
                            "primary_blob_endpoint": "https://supportlogstorageaccount.blob.core.windows.net/",
                            "primary_connection_string": "DefaultEndpointsProtocol=https;AccountName=supportlogstorageaccount;AccountKey=+fuWFS8mwFToomtI8VMp2gdFWm51jrbAqaZdmadg6o0TCGDBrD41S/8tOQ46pJJkGpVOV/aSl7Dw4/5HasH3ZQ==;EndpointSuffix=core.windows.net",
                            "primary_file_endpoint": "https://supportlogstorageaccount.file.core.windows.net/",
                            "primary_location": "eastus",
                            "primary_queue_endpoint": "https://supportlogstorageaccount.queue.core.windows.net/",
                            "primary_table_endpoint": "https://supportlogstorageaccount.table.core.windows.net/",
                            "resource_group_name": "dwto-dev-alsb01",
                            "secondary_access_key": "P3dVkWxlCG/5bhFipZdI8MXrlKMWTDbEkPym+K7kDSAymUBCJivmWmni0EHav0hxgYtaXFcRGmvtC7ghXbyVzw==",
                            "secondary_connection_string": "DefaultEndpointsProtocol=https;AccountName=supportlogstorageaccount;AccountKey=P3dVkWxlCG/5bhFipZdI8MXrlKMWTDbEkPym+K7kDSAymUBCJivmWmni0EHav0hxgYtaXFcRGmvtC7ghXbyVzw==;EndpointSuffix=core.windows.net",
                            "secondary_location": "",
                            "tags.%": "0"
                        },
                        "meta": {
                            "schema_version": "2"
                        },
                        "tainted": false
                    },
                    "deposed": [],
                    "provider": "provider.azurerm"
                },
                "azurerm_storage_container.sb_storage_container": {
                    "type": "azurerm_storage_container",
                    "depends_on": [
                        "azurerm_resource_group.service_bus_rg",
                        "azurerm_storage_account.sbstrgacc"
                    ],
                    "primary": {
                        "id": "vhds",
                        "attributes": {
                            "container_access_type": "private",
                            "id": "vhds",
                            "name": "vhds",
                            "properties.%": "4",
                            "properties.last_modified": "Fri, 19 Jan 2018 15:24:17 GMT",
                            "properties.lease_duration": "",
                            "properties.lease_state": "available",
                            "properties.lease_status": "unlocked",
                            "resource_group_name": "dwto-dev-alsb01",
                            "storage_account_name": "servicebusstorageaccount"
                        },
                        "meta": {},
                        "tainted": false
                    },
                    "deposed": [],
                    "provider": "provider.azurerm"
                },
                "azurerm_subnet.subnet0": {
                    "type": "azurerm_subnet",
                    "depends_on": [
                        "azurerm_resource_group.service_bus_rg",
                        "azurerm_virtual_network.vnet"
                    ],
                    "primary": {
                        "id": "/subscriptions/0d192ee3-36a5-4a48-8ae6-1ff2657061e3/resourceGroups/dwto-dev-alsb01/providers/Microsoft.Network/virtualNetworks/vnet/subnets/Subnet-0",
                        "attributes": {
                            "address_prefix": "10.0.0.0/24",
                            "id": "/subscriptions/0d192ee3-36a5-4a48-8ae6-1ff2657061e3/resourceGroups/dwto-dev-alsb01/providers/Microsoft.Network/virtualNetworks/vnet/subnets/Subnet-0",
                            "ip_configurations.#": "0",
                            "name": "Subnet-0",
                            "resource_group_name": "dwto-dev-alsb01",
                            "virtual_network_name": "vnet"
                        },
                        "meta": {},
                        "tainted": false
                    },
                    "deposed": [],
                    "provider": "provider.azurerm"
                },
                "azurerm_virtual_network.vnet": {
                    "type": "azurerm_virtual_network",
                    "depends_on": [
                        "azurerm_resource_group.service_bus_rg"
                    ],
                    "primary": {
                        "id": "/subscriptions/0d192ee3-36a5-4a48-8ae6-1ff2657061e3/resourceGroups/dwto-dev-alsb01/providers/Microsoft.Network/virtualNetworks/vnet",
                        "attributes": {
                            "address_space.#": "1",
                            "address_space.0": "10.0.0.0/16",
                            "dns_servers.#": "0",
                            "id": "/subscriptions/0d192ee3-36a5-4a48-8ae6-1ff2657061e3/resourceGroups/dwto-dev-alsb01/providers/Microsoft.Network/virtualNetworks/vnet",
                            "location": "eastus",
                            "name": "vnet",
                            "resource_group_name": "dwto-dev-alsb01",
                            "subnet.#": "1",
                            "subnet.1921227278.address_prefix": "10.0.0.0/24",
                            "subnet.1921227278.name": "Subnet-0",
                            "subnet.1921227278.security_group": "",
                            "tags.%": "0"
                        },
                        "meta": {},
                        "tainted": false
                    },
                    "deposed": [],
                    "provider": "provider.azurerm"
                }
            },
            "depends_on": []
        }
    ]
}
