{
    "version": 3,
    "terraform_version": "0.11.1",
    "serial": 16,
    "lineage": "c8920072-11bf-495f-a3b6-1aaa9b2004b0",
    "modules": [
        {
            "path": [
                "root"
            ],
            "outputs": {
                "app_id": {
                    "sensitive": false,
                    "type": "string",
                    "value": "576f646c-0093-4bf5-9682-822825ba1831"
                },
                "instrumentation_key": {
                    "sensitive": false,
                    "type": "string",
                    "value": "426b1680-07ed-4af0-ad62-ac92a07ee4f4"
                }
            },
            "resources": {
                "azurerm_application_insights.insights": {
                    "type": "azurerm_application_insights",
                    "depends_on": [
                        "azurerm_resource_group.redis_rg"
                    ],
                    "primary": {
                        "id": "/subscriptions/0d192ee3-36a5-4a48-8ae6-1ff2657061e3/resourceGroups/dwto-dev-redis01/providers/microsoft.insights/components/Alliance Dev Insights",
                        "attributes": {
                            "app_id": "576f646c-0093-4bf5-9682-822825ba1831",
                            "application_type": "Web",
                            "id": "/subscriptions/0d192ee3-36a5-4a48-8ae6-1ff2657061e3/resourceGroups/dwto-dev-redis01/providers/microsoft.insights/components/Alliance Dev Insights",
                            "instrumentation_key": "426b1680-07ed-4af0-ad62-ac92a07ee4f4",
                            "location": "eastus",
                            "name": "Alliance Dev Insights",
                            "resource_group_name": "dwto-dev-redis01",
                            "tags.%": "0"
                        },
                        "meta": {},
                        "tainted": false
                    },
                    "deposed": [],
                    "provider": "provider.azurerm"
                },
                "azurerm_key_vault.vault": {
                    "type": "azurerm_key_vault",
                    "depends_on": [
                        "azurerm_resource_group.redis_rg"
                    ],
                    "primary": {
                        "id": "/subscriptions/0d192ee3-36a5-4a48-8ae6-1ff2657061e3/resourceGroups/dwto-dev-redis01/providers/Microsoft.KeyVault/vaults/dwto-dev-vault",
                        "attributes": {
                            "access_policy.#": "2",
                            "access_policy.0.application_id": "",
                            "access_policy.0.certificate_permissions.#": "12",
                            "access_policy.0.certificate_permissions.0": "create",
                            "access_policy.0.certificate_permissions.1": "delete",
                            "access_policy.0.certificate_permissions.10": "setissuers",
                            "access_policy.0.certificate_permissions.11": "update",
                            "access_policy.0.certificate_permissions.2": "deleteissuers",
                            "access_policy.0.certificate_permissions.3": "get",
                            "access_policy.0.certificate_permissions.4": "getissuers",
                            "access_policy.0.certificate_permissions.5": "import",
                            "access_policy.0.certificate_permissions.6": "list",
                            "access_policy.0.certificate_permissions.7": "listissuers",
                            "access_policy.0.certificate_permissions.8": "managecontacts",
                            "access_policy.0.certificate_permissions.9": "manageissuers",
                            "access_policy.0.key_permissions.#": "15",
                            "access_policy.0.key_permissions.0": "get",
                            "access_policy.0.key_permissions.1": "list",
                            "access_policy.0.key_permissions.10": "encrypt",
                            "access_policy.0.key_permissions.11": "unwrapKey",
                            "access_policy.0.key_permissions.12": "wrapKey",
                            "access_policy.0.key_permissions.13": "verify",
                            "access_policy.0.key_permissions.14": "sign",
                            "access_policy.0.key_permissions.2": "update",
                            "access_policy.0.key_permissions.3": "create",
                            "access_policy.0.key_permissions.4": "import",
                            "access_policy.0.key_permissions.5": "delete",
                            "access_policy.0.key_permissions.6": "recover",
                            "access_policy.0.key_permissions.7": "backup",
                            "access_policy.0.key_permissions.8": "restore",
                            "access_policy.0.key_permissions.9": "decrypt",
                            "access_policy.0.object_id": "4e0e0c2f-9230-41a4-b606-4bd64c62cb9b",
                            "access_policy.0.secret_permissions.#": "7",
                            "access_policy.0.secret_permissions.0": "get",
                            "access_policy.0.secret_permissions.1": "list",
                            "access_policy.0.secret_permissions.2": "set",
                            "access_policy.0.secret_permissions.3": "delete",
                            "access_policy.0.secret_permissions.4": "recover",
                            "access_policy.0.secret_permissions.5": "backup",
                            "access_policy.0.secret_permissions.6": "restore",
                            "access_policy.0.tenant_id": "dea2de7c-16af-4661-9413-f8253dfe9e8e",
                            "access_policy.1.application_id": "2f8e9def-8945-47cd-8348-97614355c02b",
                            "access_policy.1.certificate_permissions.#": "12",
                            "access_policy.1.certificate_permissions.0": "create",
                            "access_policy.1.certificate_permissions.1": "delete",
                            "access_policy.1.certificate_permissions.10": "setissuers",
                            "access_policy.1.certificate_permissions.11": "update",
                            "access_policy.1.certificate_permissions.2": "deleteissuers",
                            "access_policy.1.certificate_permissions.3": "get",
                            "access_policy.1.certificate_permissions.4": "getissuers",
                            "access_policy.1.certificate_permissions.5": "import",
                            "access_policy.1.certificate_permissions.6": "list",
                            "access_policy.1.certificate_permissions.7": "listissuers",
                            "access_policy.1.certificate_permissions.8": "managecontacts",
                            "access_policy.1.certificate_permissions.9": "manageissuers",
                            "access_policy.1.key_permissions.#": "15",
                            "access_policy.1.key_permissions.0": "get",
                            "access_policy.1.key_permissions.1": "list",
                            "access_policy.1.key_permissions.10": "encrypt",
                            "access_policy.1.key_permissions.11": "unwrapKey",
                            "access_policy.1.key_permissions.12": "wrapKey",
                            "access_policy.1.key_permissions.13": "verify",
                            "access_policy.1.key_permissions.14": "sign",
                            "access_policy.1.key_permissions.2": "update",
                            "access_policy.1.key_permissions.3": "create",
                            "access_policy.1.key_permissions.4": "import",
                            "access_policy.1.key_permissions.5": "delete",
                            "access_policy.1.key_permissions.6": "recover",
                            "access_policy.1.key_permissions.7": "backup",
                            "access_policy.1.key_permissions.8": "restore",
                            "access_policy.1.key_permissions.9": "decrypt",
                            "access_policy.1.object_id": "4e0e0c2f-9230-41a4-b606-4bd64c62cb9b",
                            "access_policy.1.secret_permissions.#": "7",
                            "access_policy.1.secret_permissions.0": "get",
                            "access_policy.1.secret_permissions.1": "list",
                            "access_policy.1.secret_permissions.2": "set",
                            "access_policy.1.secret_permissions.3": "delete",
                            "access_policy.1.secret_permissions.4": "recover",
                            "access_policy.1.secret_permissions.5": "backup",
                            "access_policy.1.secret_permissions.6": "restore",
                            "access_policy.1.tenant_id": "dea2de7c-16af-4661-9413-f8253dfe9e8e",
                            "enabled_for_deployment": "true",
                            "enabled_for_disk_encryption": "true",
                            "enabled_for_template_deployment": "true",
                            "id": "/subscriptions/0d192ee3-36a5-4a48-8ae6-1ff2657061e3/resourceGroups/dwto-dev-redis01/providers/Microsoft.KeyVault/vaults/dwto-dev-vault",
                            "location": "eastus",
                            "name": "dwto-dev-vault",
                            "resource_group_name": "dwto-dev-redis01",
                            "sku.#": "1",
                            "sku.0.name": "standard",
                            "tags.%": "0",
                            "tenant_id": "dea2de7c-16af-4661-9413-f8253dfe9e8e",
                            "vault_uri": "https://dwto-dev-vault.vault.azure.net/"
                        },
                        "meta": {
                            "schema_version": "1"
                        },
                        "tainted": false
                    },
                    "deposed": [],
                    "provider": "provider.azurerm"
                },
                "azurerm_redis_cache.redis": {
                    "type": "azurerm_redis_cache",
                    "depends_on": [
                        "azurerm_resource_group.redis_rg"
                    ],
                    "primary": {
                        "id": "/subscriptions/0d192ee3-36a5-4a48-8ae6-1ff2657061e3/resourceGroups/dwto-dev-redis01/providers/Microsoft.Cache/Redis/dwto-dev",
                        "attributes": {
                            "capacity": "1",
                            "enable_non_ssl_port": "false",
                            "family": "C",
                            "hostname": "dwto-dev.redis.cache.windows.net",
                            "id": "/subscriptions/0d192ee3-36a5-4a48-8ae6-1ff2657061e3/resourceGroups/dwto-dev-redis01/providers/Microsoft.Cache/Redis/dwto-dev",
                            "location": "eastus",
                            "name": "dwto-dev",
                            "port": "6379",
                            "primary_access_key": "1ZJYVS8fbDHjXYvzJuJpZDwnPazZPn2Sng/b+EMsg8U=",
                            "redis_configuration.#": "1",
                            "redis_configuration.0.maxclients": "0",
                            "redis_configuration.0.maxmemory_delta": "0",
                            "redis_configuration.0.maxmemory_policy": "volatile-lru",
                            "redis_configuration.0.maxmemory_reserved": "0",
                            "redis_configuration.0.rdb_backup_enabled": "false",
                            "redis_configuration.0.rdb_backup_frequency": "0",
                            "redis_configuration.0.rdb_backup_max_snapshot_count": "0",
                            "redis_configuration.0.rdb_storage_connection_string": "",
                            "resource_group_name": "dwto-dev-redis01",
                            "secondary_access_key": "4DHy5xQNz6GSRkeVChjGyIQFVxeooSmtEG5k7Z3ZzGE=",
                            "sku_name": "Basic",
                            "ssl_port": "6380",
                            "tags.%": "0"
                        },
                        "meta": {},
                        "tainted": false
                    },
                    "deposed": [],
                    "provider": "provider.azurerm"
                },
                "azurerm_resource_group.redis_rg": {
                    "type": "azurerm_resource_group",
                    "depends_on": [],
                    "primary": {
                        "id": "/subscriptions/0d192ee3-36a5-4a48-8ae6-1ff2657061e3/resourceGroups/dwto-dev-redis01",
                        "attributes": {
                            "id": "/subscriptions/0d192ee3-36a5-4a48-8ae6-1ff2657061e3/resourceGroups/dwto-dev-redis01",
                            "location": "eastus",
                            "name": "dwto-dev-redis01",
                            "tags.%": "0"
                        },
                        "meta": {},
                        "tainted": false
                    },
                    "deposed": [],
                    "provider": "provider.azurerm"
                }
            },
            "depends_on": []
        }
    ]
}
